// !$*UTF8*$!
{
	archiveVersion = 1;
	classes = {
	};
	objectVersion = 46;
	objects = {

/* Begin PBXBuildFile section */
		C23859FE1CE6FB6D00D73A13 /* AppDelegate.swift in Sources */ = {isa = PBXBuildFile; fileRef = C23859FD1CE6FB6D00D73A13 /* AppDelegate.swift */; };
		C2385A001CE6FB6D00D73A13 /* ViewController.swift in Sources */ = {isa = PBXBuildFile; fileRef = C23859FF1CE6FB6D00D73A13 /* ViewController.swift */; };
		C2385A031CE6FB6D00D73A13 /* Main.storyboard in Resources */ = {isa = PBXBuildFile; fileRef = C2385A011CE6FB6D00D73A13 /* Main.storyboard */; };
		C2385A051CE6FB6D00D73A13 /* Assets.xcassets in Resources */ = {isa = PBXBuildFile; fileRef = C2385A041CE6FB6D00D73A13 /* Assets.xcassets */; };
		C2385A081CE6FB6D00D73A13 /* LaunchScreen.storyboard in Resources */ = {isa = PBXBuildFile; fileRef = C2385A061CE6FB6D00D73A13 /* LaunchScreen.storyboard */; };
/* End PBXBuildFile section */

/* Begin PBXFileReference section */
		C23859FA1CE6FB6D00D73A13 /* 数组.app */ = {isa = PBXFileReference; explicitFileType = wrapper.application; includeInIndex = 0; path = "数组.app"; sourceTree = BUILT_PRODUCTS_DIR; };
		C23859FD1CE6FB6D00D73A13 /* AppDelegate.swift */ = {isa = PBXFileReference; lastKnownFileType = sourcecode.swift; path = AppDelegate.swift; sourceTree = "<group>"; };
		C23859FF1CE6FB6D00D73A13 /* ViewController.swift */ = {isa = PBXFileReference; lastKnownFileType = sourcecode.swift; path = ViewController.swift; sourceTree = "<group>"; };
		C2385A021CE6FB6D00D73A13 /* Base */ = {isa = PBXFileReference; lastKnownFileType = file.storyboard; name = Base; path = Base.lproj/Main.storyboard; sourceTree = "<group>"; };
		C2385A041CE6FB6D00D73A13 /* Assets.xcassets */ = {isa = PBXFileReference; lastKnownFileType = folder.assetcatalog; path = Assets.xcassets; sourceTree = "<group>"; };
		C2385A071CE6FB6D00D73A13 /* Base */ = {isa = PBXFileReference; lastKnownFileType = file.storyboard; name = Base; path = Base.lproj/LaunchScreen.storyboard; sourceTree = "<group>"; };
		C2385A091CE6FB6D00D73A13 /* Info.plist */ = {isa = PBXFileReference; lastKnownFileType = text.plist.xml; path = Info.plist; sourceTree = "<group>"; };
/* End PBXFileReference section */

/* Begin PBXFrameworksBuildPhase section */
		C23859F71CE6FB6D00D73A13 /* Frameworks */ = {
			isa = PBXFrameworksBuildPhase;
			buildActionMask = 2147483647;
			files = (
			);
			runOnlyForDeploymentPostprocessing = 0;
		};
/* End PBXFrameworksBuildPhase section */

/* Begin PBXGroup section */
		C23859F11CE6FB6D00D73A13 = {
			isa = PBXGroup;
			children = (
				C23859FC1CE6FB6D00D73A13 /* 数组 */,
				C23859FB1CE6FB6D00D73A13 /* Products */,
			);
			sourceTree = "<group>";
		};
		C23859FB1CE6FB6D00D73A13 /* Products */ = {
			isa = PBXGroup;
			children = (
				C23859FA1CE6FB6D00D73A13 /* 数组.app */,
			);
			name = Products;
			sourceTree = "<group>";
		};
		C23859FC1CE6FB6D00D73A13 /* 数组 */ = {
			isa = PBXGroup;
			children = (
				C23859FD1CE6FB6D00D73A13 /* AppDelegate.swift */,
				C23859FF1CE6FB6D00D73A13 /* ViewController.swift */,
				C2385A011CE6FB6D00D73A13 /* Main.storyboard */,
				C2385A041CE6FB6D00D73A13 /* Assets.xcassets */,
				C2385A061CE6FB6D00D73A13 /* LaunchScreen.storyboard */,
				C2385A091CE6FB6D00D73A13 /* Info.plist */,
			);
			path = "数组";
			sourceTree = "<group>";
		};
/* End PBXGroup section */

/* Begin PBXNativeTarget section */
		C23859F91CE6FB6D00D73A13 /* 数组 */ = {
			isa = PBXNativeTarget;
			buildConfigurationList = C2385A0C1CE6FB6D00D73A13 /* Build configuration list for PBXNativeTarget "数组" */;
			buildPhases = (
				C23859F61CE6FB6D00D73A13 /* Sources */,
				C23859F71CE6FB6D00D73A13 /* Frameworks */,
				C23859F81CE6FB6D00D73A13 /* Resources */,
			);
			buildRules = (
			);
			dependencies = (
			);
			name = "数组";
			productName = "数组";
			productReference = C23859FA1CE6FB6D00D73A13 /* 数组.app */;
			productType = "com.apple.product-type.application";
		};
/* End PBXNativeTarget section */

/* Begin PBXProject section */
		C23859F21CE6FB6D00D73A13 /* Project object */ = {
			isa = PBXProject;
			attributes = {
				LastSwiftUpdateCheck = 0730;
				LastUpgradeCheck = 0730;
				ORGANIZATIONNAME = SF;
				TargetAttributes = {
					C23859F91CE6FB6D00D73A13 = {
						CreatedOnToolsVersion = 7.3.1;
					};
				};
			};
			buildConfigurationList = C23859F51CE6FB6D00D73A13 /* Build configuration list for PBXProject "数组" */;
			compatibilityVersion = "Xcode 3.2";
			developmentRegion = English;
			hasScannedForEncodings = 0;
			knownRegions = (
				en,
				Base,
			);
			mainGroup = C23859F11CE6FB6D00D73A13;
			productRefGroup = C23859FB1CE6FB6D00D73A13 /* Products */;
			projectDirPath = "";
			projectRoot = "";
			targets = (
				C23859F91CE6FB6D00D73A13 /* 数组 */,
			);
		};
/* End PBXProject section */

/* Begin PBXResourcesBuildPhase section */
		C23859F81CE6FB6D00D73A13 /* Resources */ = {
			isa = PBXResourcesBuildPhase;
			buildActionMask = 2147483647;
			files = (
				C2385A081CE6FB6D00D73A13 /* LaunchScreen.storyboard in Resources */,
				C2385A051CE6FB6D00D73A13 /* Assets.xcassets in Resources */,
				C2385A031CE6FB6D00D73A13 /* Main.storyboard in Resources */,
			);
			runOnlyForDeploymentPostprocessing = 0;
		};
/* End PBXResourcesBuildPhase section */

/* Begin PBXSourcesBuildPhase section */
		C23859F61CE6FB6D00D73A13 /* Sources */ = {
			isa = PBXSourcesBuildPhase;
			buildActionMask = 2147483647;
			files = (
				C2385A001CE6FB6D00D73A13 /* ViewController.swift in Sources */,
				C23859FE1CE6FB6D00D73A13 /* AppDelegate.swift in Sources */,
			);
			runOnlyForDeploymentPostprocessing = 0;
		};
/* End PBXSourcesBuildPhase section */

/* Begin PBXVariantGroup section */
		C2385A011CE6FB6D00D73A13 /* Main.storyboard */ = {
			isa = PBXVariantGroup;
			children = (
				C2385A021CE6FB6D00D73A13 /* Base */,
			);
			name = Main.storyboard;
			sourceTree = "<group>";
		};
		C2385A061CE6FB6D00D73A13 /* LaunchScreen.storyboard */ = {
			isa = PBXVariantGroup;
			children = (
				C2385A071CE6FB6D00D73A13 /* Base */,
			);
			name = LaunchScreen.storyboard;
			sourceTree = "<group>";
		};
/* End PBXVariantGroup section */

/* Begin XCBuildConfiguration section */
		C2385A0A1CE6FB6D00D73A13 /* Debug */ = {
			isa = XCBuildConfiguration;
			buildSettings = {
				ALWAYS_SEARCH_USER_PATHS = NO;
				CLANG_ANALYZER_NONNULL = YES;
				CLANG_CXX_LANGUAGE_STANDARD = "gnu++0x";
				CLANG_CXX_LIBRARY = "libc++";
				CLANG_ENABLE_MODULES = YES;
				CLANG_ENABLE_OBJC_ARC = YES;
				CLANG_WARN_BOOL_CONVERSION = YES;
				CLANG_WARN_CONSTANT_CONVERSION = YES;
				CLANG_WARN_DIRECT_OBJC_ISA_USAGE = YES_ERROR;
				CLANG_WARN_EMPTY_BODY = YES;
				CLANG_WARN_ENUM_CONVERSION = YES;
				CLANG_WARN_INT_CONVERSION = YES;
				CLANG_WARN_OBJC_ROOT_CLASS = YES_ERROR;
				CLANG_WARN_UNREACHABLE_CODE = YES;
				CLANG_WARN__DUPLICATE_METHOD_MATCH = YES;
				"CODE_SIGN_IDENTITY[sdk=iphoneos*]" = "iPhone Developer";
				COPY_PHASE_STRIP = NO;
				DEBUG_INFORMATION_FORMAT = dwarf;
				ENABLE_STRICT_OBJC_MSGSEND = YES;
				ENABLE_TESTABILITY = YES;
				GCC_C_LANGUAGE_STANDARD = gnu99;
				GCC_DYNAMIC_NO_PIC = NO;
				GCC_NO_COMMON_BLOCKS = YES;
				GCC_OPTIMIZATION_LEVEL = 0;
				GCC_PREPROCESSOR_DEFINITIONS = (
					"DEBUG=1",
					"$(inherited)",
				);
				GCC_WARN_64_TO_32_BIT_CONVERSION = YES;
				GCC_WARN_ABOUT_RETURN_TYPE = YES_ERROR;
				GCC_WARN_UNDECLARED_SELECTOR = YES;
				GCC_WARN_UNINITIALIZED_AUTOS = YES_AGGRESSIVE;
				GCC_WARN_UNUSED_FUNCTION = YES;
				GCC_WARN_UNUSED_VARIABLE = YES;
				IPHONEOS_DEPLOYMENT_TARGET = 9.3;
				MTL_ENABLE_DEBUG_INFO = YES;
				ONLY_ACTIVE_ARCH = YES;
				SDKROOT = iphoneos;
				SWIFT_OPTIMIZATION_LEVEL = "-Onone";
			};
			name = Debug;
		};
		C2385A0B1CE6FB6D00D73A13 /* Release */ = {
			isa = XCBuildConfiguration;
			buildSettings = {
				ALWAYS_SEARCH_USER_PATHS = NO;
				CLANG_ANALYZER_NONNULL = YES;
				CLANG_CXX_LANGUAGE_STANDARD = "gnu++0x";
				CLANG_CXX_LIBRARY = "libc++";
				CLANG_ENABLE_MODULES = YES;
				CLANG_ENABLE_OBJC_ARC = YES;
				CLANG_WARN_BOOL_CONVERSION = YES;
				CLANG_WARN_CONSTANT_CONVERSION = YES;
				CLANG_WARN_DIRECT_OBJC_ISA_USAGE = YES_ERROR;
				CLANG_WARN_EMPTY_BODY = YES;
				CLANG_WARN_ENUM_CONVERSION = YES;
				CLANG_WARN_INT_CONVERSION = YES;
				CLANG_WARN_OBJC_ROOT_CLASS = YES_ERROR;
				CLANG_WARN_UNREACHABLE_CODE = YES;
				CLANG_WARN__DUPLICATE_METHOD_MATCH = YES;
				"CODE_SIGN_IDENTITY[sdk=iphoneos*]" = "iPhone Developer";
				COPY_PHASE_STRIP = NO;
				DEBUG_INFORMATION_FORMAT = "dwarf-with-dsym";
				ENABLE_NS_ASSERTIONS = NO;
				ENABLE_STRICT_OBJC_MSGSEND = YES;
				GCC_C_LANGUAGE_STANDARD = gnu99;
				GCC_NO_COMMON_BLOCKS = YES;
				GCC_WARN_64_TO_32_BIT_CONVERSION = YES;
				GCC_WARN_ABOUT_RETURN_TYPE = YES_ERROR;
				GCC_WARN_UNDECLARED_SELECTOR = YES;
				GCC_WARN_UNINITIALIZED_AUTOS = YES_AGGRESSIVE;
				GCC_WARN_UNUSED_FUNCTION = YES;
				GCC_WARN_UNUSED_VARIABLE = YES;
				IPHONEOS_DEPLOYMENT_TARGET = 9.3;
				MTL_ENABLE_DEBUG_INFO = NO;
				SDKROOT = iphoneos;
				VALIDATE_PRODUCT = YES;
			};
			name = Release;
		};
		C2385A0D1CE6FB6D00D73A13 /* Debug */ = {
			isa = XCBuildConfiguration;
			buildSettings = {
				ASSETCATALOG_COMPILER_APPICON_NAME = AppIcon;
				INFOPLIST_FILE = "数组/Info.plist";
				LD_RUNPATH_SEARCH_PATHS = "$(inherited) @executable_path/Frameworks";
				PRODUCT_BUNDLE_IDENTIFIER = "com.suifeng.--";
				PRODUCT_NAME = "$(TARGET_NAME)";
			};
			name = Debug;
		};
		C2385A0E1CE6FB6D00D73A13 /* Release */ = {
			isa = XCBuildConfiguration;
			buildSettings = {
				ASSETCATALOG_COMPILER_APPICON_NAME = AppIcon;
				INFOPLIST_FILE = "数组/Info.plist";
				LD_RUNPATH_SEARCH_PATHS = "$(inherited) @executable_path/Frameworks";
				PRODUCT_BUNDLE_IDENTIFIER = "com.suifeng.--";
				PRODUCT_NAME = "$(TARGET_NAME)";
			};
			name = Release;
		};
/* End XCBuildConfiguration section */

/* Begin XCConfigurationList section */
		C23859F51CE6FB6D00D73A13 /* Build configuration list for PBXProject "数组" */ = {
			isa = XCConfigurationList;
			buildConfigurations = (
				C2385A0A1CE6FB6D00D73A13 /* Debug */,
				C2385A0B1CE6FB6D00D73A13 /* Release */,
			);
			defaultConfigurationIsVisible = 0;
			defaultConfigurationName = Release;
		};
		C2385A0C1CE6FB6D00D73A13 /* Build configuration list for PBXNativeTarget "数组" */ = {
			isa = XCConfigurationList;
			buildConfigurations = (
				C2385A0D1CE6FB6D00D73A13 /* Debug */,
				C2385A0E1CE6FB6D00D73A13 /* Release */,
			);
			defaultConfigurationIsVisible = 0;
		};
/* End XCConfigurationList section */
	};
	rootObject = C23859F21CE6FB6D00D73A13 /* Project object */;
}
