// !$*UTF8*$!
{
	archiveVersion = 1;
	classes = {
	};
	objectVersion = 46;
	objects = {

/* Begin PBXBuildFile section */
		1D7952011D4509400060F178 /* AppDelegate.swift in Sources */ = {isa = PBXBuildFile; fileRef = 1D7952001D4509400060F178 /* AppDelegate.swift */; };
		1D7952031D4509400060F178 /* ViewController.swift in Sources */ = {isa = PBXBuildFile; fileRef = 1D7952021D4509400060F178 /* ViewController.swift */; };
		1D7952061D4509400060F178 /* Main.storyboard in Resources */ = {isa = PBXBuildFile; fileRef = 1D7952041D4509400060F178 /* Main.storyboard */; };
		1D7952081D4509400060F178 /* Assets.xcassets in Resources */ = {isa = PBXBuildFile; fileRef = 1D7952071D4509400060F178 /* Assets.xcassets */; };
		1D79520B1D4509400060F178 /* LaunchScreen.storyboard in Resources */ = {isa = PBXBuildFile; fileRef = 1D7952091D4509400060F178 /* LaunchScreen.storyboard */; };
		1D7952131D4509500060F178 /* Person.swift in Sources */ = {isa = PBXBuildFile; fileRef = 1D7952121D4509500060F178 /* Person.swift */; };
/* End PBXBuildFile section */

/* Begin PBXFileReference section */
		1D7951FD1D4509400060F178 /* getset.app */ = {isa = PBXFileReference; explicitFileType = wrapper.application; includeInIndex = 0; path = getset.app; sourceTree = BUILT_PRODUCTS_DIR; };
		1D7952001D4509400060F178 /* AppDelegate.swift */ = {isa = PBXFileReference; lastKnownFileType = sourcecode.swift; path = AppDelegate.swift; sourceTree = "<group>"; };
		1D7952021D4509400060F178 /* ViewController.swift */ = {isa = PBXFileReference; lastKnownFileType = sourcecode.swift; path = ViewController.swift; sourceTree = "<group>"; };
		1D7952051D4509400060F178 /* Base */ = {isa = PBXFileReference; lastKnownFileType = file.storyboard; name = Base; path = Base.lproj/Main.storyboard; sourceTree = "<group>"; };
		1D7952071D4509400060F178 /* Assets.xcassets */ = {isa = PBXFileReference; lastKnownFileType = folder.assetcatalog; path = Assets.xcassets; sourceTree = "<group>"; };
		1D79520A1D4509400060F178 /* Base */ = {isa = PBXFileReference; lastKnownFileType = file.storyboard; name = Base; path = Base.lproj/LaunchScreen.storyboard; sourceTree = "<group>"; };
		1D79520C1D4509400060F178 /* Info.plist */ = {isa = PBXFileReference; lastKnownFileType = text.plist.xml; path = Info.plist; sourceTree = "<group>"; };
		1D7952121D4509500060F178 /* Person.swift */ = {isa = PBXFileReference; fileEncoding = 4; lastKnownFileType = sourcecode.swift; path = Person.swift; sourceTree = "<group>"; };
/* End PBXFileReference section */

/* Begin PBXFrameworksBuildPhase section */
		1D7951FA1D4509400060F178 /* Frameworks */ = {
			isa = PBXFrameworksBuildPhase;
			buildActionMask = 2147483647;
			files = (
			);
			runOnlyForDeploymentPostprocessing = 0;
		};
/* End PBXFrameworksBuildPhase section */

/* Begin PBXGroup section */
		1D7951F41D4509400060F178 = {
			isa = PBXGroup;
			children = (
				1D7951FF1D4509400060F178 /* getset */,
				1D7951FE1D4509400060F178 /* Products */,
			);
			sourceTree = "<group>";
		};
		1D7951FE1D4509400060F178 /* Products */ = {
			isa = PBXGroup;
			children = (
				1D7951FD1D4509400060F178 /* getset.app */,
			);
			name = Products;
			sourceTree = "<group>";
		};
		1D7951FF1D4509400060F178 /* getset */ = {
			isa = PBXGroup;
			children = (
				1D7952001D4509400060F178 /* AppDelegate.swift */,
				1D7952021D4509400060F178 /* ViewController.swift */,
				1D7952121D4509500060F178 /* Person.swift */,
				1D7952041D4509400060F178 /* Main.storyboard */,
				1D7952071D4509400060F178 /* Assets.xcassets */,
				1D7952091D4509400060F178 /* LaunchScreen.storyboard */,
				1D79520C1D4509400060F178 /* Info.plist */,
			);
			path = getset;
			sourceTree = "<group>";
		};
/* End PBXGroup section */

/* Begin PBXNativeTarget section */
		1D7951FC1D4509400060F178 /* getset */ = {
			isa = PBXNativeTarget;
			buildConfigurationList = 1D79520F1D4509400060F178 /* Build configuration list for PBXNativeTarget "getset" */;
			buildPhases = (
				1D7951F91D4509400060F178 /* Sources */,
				1D7951FA1D4509400060F178 /* Frameworks */,
				1D7951FB1D4509400060F178 /* Resources */,
			);
			buildRules = (
			);
			dependencies = (
			);
			name = getset;
			productName = getset;
			productReference = 1D7951FD1D4509400060F178 /* getset.app */;
			productType = "com.apple.product-type.application";
		};
/* End PBXNativeTarget section */

/* Begin PBXProject section */
		1D7951F51D4509400060F178 /* Project object */ = {
			isa = PBXProject;
			attributes = {
				LastSwiftUpdateCheck = 0800;
				LastUpgradeCheck = 0800;
				ORGANIZATIONNAME = SF;
				TargetAttributes = {
					1D7951FC1D4509400060F178 = {
						CreatedOnToolsVersion = 8.0;
						DevelopmentTeam = S9YH8KG45Q;
						DevelopmentTeamName = "佳能 钱 (Personal Team)";
						ProvisioningStyle = Automatic;
					};
				};
			};
			buildConfigurationList = 1D7951F81D4509400060F178 /* Build configuration list for PBXProject "getset" */;
			compatibilityVersion = "Xcode 3.2";
			developmentRegion = English;
			hasScannedForEncodings = 0;
			knownRegions = (
				en,
				Base,
			);
			mainGroup = 1D7951F41D4509400060F178;
			productRefGroup = 1D7951FE1D4509400060F178 /* Products */;
			projectDirPath = "";
			projectRoot = "";
			targets = (
				1D7951FC1D4509400060F178 /* getset */,
			);
		};
/* End PBXProject section */

/* Begin PBXResourcesBuildPhase section */
		1D7951FB1D4509400060F178 /* Resources */ = {
			isa = PBXResourcesBuildPhase;
			buildActionMask = 2147483647;
			files = (
				1D79520B1D4509400060F178 /* LaunchScreen.storyboard in Resources */,
				1D7952081D4509400060F178 /* Assets.xcassets in Resources */,
				1D7952061D4509400060F178 /* Main.storyboard in Resources */,
			);
			runOnlyForDeploymentPostprocessing = 0;
		};
/* End PBXResourcesBuildPhase section */

/* Begin PBXSourcesBuildPhase section */
		1D7951F91D4509400060F178 /* Sources */ = {
			isa = PBXSourcesBuildPhase;
			buildActionMask = 2147483647;
			files = (
				1D7952131D4509500060F178 /* Person.swift in Sources */,
				1D7952031D4509400060F178 /* ViewController.swift in Sources */,
				1D7952011D4509400060F178 /* AppDelegate.swift in Sources */,
			);
			runOnlyForDeploymentPostprocessing = 0;
		};
/* End PBXSourcesBuildPhase section */

/* Begin PBXVariantGroup section */
		1D7952041D4509400060F178 /* Main.storyboard */ = {
			isa = PBXVariantGroup;
			children = (
				1D7952051D4509400060F178 /* Base */,
			);
			name = Main.storyboard;
			sourceTree = "<group>";
		};
		1D7952091D4509400060F178 /* LaunchScreen.storyboard */ = {
			isa = PBXVariantGroup;
			children = (
				1D79520A1D4509400060F178 /* Base */,
			);
			name = LaunchScreen.storyboard;
			sourceTree = "<group>";
		};
/* End PBXVariantGroup section */

/* Begin XCBuildConfiguration section */
		1D79520D1D4509400060F178 /* Debug */ = {
			isa = XCBuildConfiguration;
			buildSettings = {
				ALWAYS_SEARCH_USER_PATHS = NO;
				CLANG_ANALYZER_NONNULL = YES;
				CLANG_CXX_LANGUAGE_STANDARD = "gnu++0x";
				CLANG_CXX_LIBRARY = "libc++";
				CLANG_ENABLE_MODULES = YES;
				CLANG_ENABLE_OBJC_ARC = YES;
				CLANG_WARN_BOOL_CONVERSION = YES;
				CLANG_WARN_CONSTANT_CONVERSION = YES;
				CLANG_WARN_DIRECT_OBJC_ISA_USAGE = YES_ERROR;
				CLANG_WARN_DOCUMENTATION_COMMENTS = YES;
				CLANG_WARN_EMPTY_BODY = YES;
				CLANG_WARN_ENUM_CONVERSION = YES;
				CLANG_WARN_INT_CONVERSION = YES;
				CLANG_WARN_OBJC_ROOT_CLASS = YES_ERROR;
				CLANG_WARN_UNREACHABLE_CODE = YES;
				CLANG_WARN__DUPLICATE_METHOD_MATCH = YES;
				"CODE_SIGN_IDENTITY[sdk=iphoneos*]" = "iPhone Developer";
				COPY_PHASE_STRIP = NO;
				DEBUG_INFORMATION_FORMAT = dwarf;
				ENABLE_STRICT_OBJC_MSGSEND = YES;
				ENABLE_TESTABILITY = YES;
				GCC_C_LANGUAGE_STANDARD = gnu99;
				GCC_DYNAMIC_NO_PIC = NO;
				GCC_NO_COMMON_BLOCKS = YES;
				GCC_OPTIMIZATION_LEVEL = 0;
				GCC_PREPROCESSOR_DEFINITIONS = (
					"DEBUG=1",
					"$(inherited)",
				);
				GCC_WARN_64_TO_32_BIT_CONVERSION = YES;
				GCC_WARN_ABOUT_RETURN_TYPE = YES_ERROR;
				GCC_WARN_UNDECLARED_SELECTOR = YES;
				GCC_WARN_UNINITIALIZED_AUTOS = YES_AGGRESSIVE;
				GCC_WARN_UNUSED_FUNCTION = YES;
				GCC_WARN_UNUSED_VARIABLE = YES;
				IPHONEOS_DEPLOYMENT_TARGET = 10.0;
				MTL_ENABLE_DEBUG_INFO = YES;
				ONLY_ACTIVE_ARCH = YES;
				SDKROOT = iphoneos;
				SWIFT_ACTIVE_COMPILATION_CONDITIONS = DEBUG;
				SWIFT_OPTIMIZATION_LEVEL = "-Onone";
			};
			name = Debug;
		};
		1D79520E1D4509400060F178 /* Release */ = {
			isa = XCBuildConfiguration;
			buildSettings = {
				ALWAYS_SEARCH_USER_PATHS = NO;
				CLANG_ANALYZER_NONNULL = YES;
				CLANG_CXX_LANGUAGE_STANDARD = "gnu++0x";
				CLANG_CXX_LIBRARY = "libc++";
				CLANG_ENABLE_MODULES = YES;
				CLANG_ENABLE_OBJC_ARC = YES;
				CLANG_WARN_BOOL_CONVERSION = YES;
				CLANG_WARN_CONSTANT_CONVERSION = YES;
				CLANG_WARN_DIRECT_OBJC_ISA_USAGE = YES_ERROR;
				CLANG_WARN_DOCUMENTATION_COMMENTS = YES;
				CLANG_WARN_EMPTY_BODY = YES;
				CLANG_WARN_ENUM_CONVERSION = YES;
				CLANG_WARN_INT_CONVERSION = YES;
				CLANG_WARN_OBJC_ROOT_CLASS = YES_ERROR;
				CLANG_WARN_UNREACHABLE_CODE = YES;
				CLANG_WARN__DUPLICATE_METHOD_MATCH = YES;
				"CODE_SIGN_IDENTITY[sdk=iphoneos*]" = "iPhone Developer";
				COPY_PHASE_STRIP = NO;
				DEBUG_INFORMATION_FORMAT = "dwarf-with-dsym";
				ENABLE_NS_ASSERTIONS = NO;
				ENABLE_STRICT_OBJC_MSGSEND = YES;
				GCC_C_LANGUAGE_STANDARD = gnu99;
				GCC_NO_COMMON_BLOCKS = YES;
				GCC_WARN_64_TO_32_BIT_CONVERSION = YES;
				GCC_WARN_ABOUT_RETURN_TYPE = YES_ERROR;
				GCC_WARN_UNDECLARED_SELECTOR = YES;
				GCC_WARN_UNINITIALIZED_AUTOS = YES_AGGRESSIVE;
				GCC_WARN_UNUSED_FUNCTION = YES;
				GCC_WARN_UNUSED_VARIABLE = YES;
				IPHONEOS_DEPLOYMENT_TARGET = 10.0;
				MTL_ENABLE_DEBUG_INFO = NO;
				SDKROOT = iphoneos;
				SWIFT_OPTIMIZATION_LEVEL = "-Owholemodule";
				VALIDATE_PRODUCT = YES;
			};
			name = Release;
		};
		1D7952101D4509400060F178 /* Debug */ = {
			isa = XCBuildConfiguration;
			buildSettings = {
				ASSETCATALOG_COMPILER_APPICON_NAME = AppIcon;
				INFOPLIST_FILE = getset/Info.plist;
				LD_RUNPATH_SEARCH_PATHS = "$(inherited) @executable_path/Frameworks";
				PRODUCT_BUNDLE_IDENTIFIER = com.suifeng.getset;
				PRODUCT_NAME = "$(TARGET_NAME)";
				SWIFT_VERSION = 3.0;
			};
			name = Debug;
		};
		1D7952111D4509400060F178 /* Release */ = {
			isa = XCBuildConfiguration;
			buildSettings = {
				ASSETCATALOG_COMPILER_APPICON_NAME = AppIcon;
				INFOPLIST_FILE = getset/Info.plist;
				LD_RUNPATH_SEARCH_PATHS = "$(inherited) @executable_path/Frameworks";
				PRODUCT_BUNDLE_IDENTIFIER = com.suifeng.getset;
				PRODUCT_NAME = "$(TARGET_NAME)";
				SWIFT_VERSION = 3.0;
			};
			name = Release;
		};
/* End XCBuildConfiguration section */

/* Begin XCConfigurationList section */
		1D7951F81D4509400060F178 /* Build configuration list for PBXProject "getset" */ = {
			isa = XCConfigurationList;
			buildConfigurations = (
				1D79520D1D4509400060F178 /* Debug */,
				1D79520E1D4509400060F178 /* Release */,
			);
			defaultConfigurationIsVisible = 0;
			defaultConfigurationName = Release;
		};
		1D79520F1D4509400060F178 /* Build configuration list for PBXNativeTarget "getset" */ = {
			isa = XCConfigurationList;
			buildConfigurations = (
				1D7952101D4509400060F178 /* Debug */,
				1D7952111D4509400060F178 /* Release */,
			);
			defaultConfigurationIsVisible = 0;
		};
/* End XCConfigurationList section */
	};
	rootObject = 1D7951F51D4509400060F178 /* Project object */;
}
