// !$*UTF8*$!
{
	archiveVersion = 1;
	classes = {
	};
	objectVersion = 46;
	objects = {

/* Begin PBXBuildFile section */
		1D441C341DB518AE00799139 /* AppDelegate.swift in Sources */ = {isa = PBXBuildFile; fileRef = 1D441C331DB518AE00799139 /* AppDelegate.swift */; };
		1D441C361DB518AE00799139 /* ViewController.swift in Sources */ = {isa = PBXBuildFile; fileRef = 1D441C351DB518AE00799139 /* ViewController.swift */; };
		1D441C391DB518AE00799139 /* Main.storyboard in Resources */ = {isa = PBXBuildFile; fileRef = 1D441C371DB518AE00799139 /* Main.storyboard */; };
		1D441C3B1DB518AE00799139 /* Assets.xcassets in Resources */ = {isa = PBXBuildFile; fileRef = 1D441C3A1DB518AE00799139 /* Assets.xcassets */; };
		1D441C3E1DB518AE00799139 /* LaunchScreen.storyboard in Resources */ = {isa = PBXBuildFile; fileRef = 1D441C3C1DB518AE00799139 /* LaunchScreen.storyboard */; };
/* End PBXBuildFile section */

/* Begin PBXFileReference section */
		1D441C301DB518AE00799139 /* 简易加法计算器.app */ = {isa = PBXFileReference; explicitFileType = wrapper.application; includeInIndex = 0; path = "简易加法计算器.app"; sourceTree = BUILT_PRODUCTS_DIR; };
		1D441C331DB518AE00799139 /* AppDelegate.swift */ = {isa = PBXFileReference; lastKnownFileType = sourcecode.swift; path = AppDelegate.swift; sourceTree = "<group>"; };
		1D441C351DB518AE00799139 /* ViewController.swift */ = {isa = PBXFileReference; lastKnownFileType = sourcecode.swift; path = ViewController.swift; sourceTree = "<group>"; };
		1D441C381DB518AE00799139 /* Base */ = {isa = PBXFileReference; lastKnownFileType = file.storyboard; name = Base; path = Base.lproj/Main.storyboard; sourceTree = "<group>"; };
		1D441C3A1DB518AE00799139 /* Assets.xcassets */ = {isa = PBXFileReference; lastKnownFileType = folder.assetcatalog; path = Assets.xcassets; sourceTree = "<group>"; };
		1D441C3D1DB518AE00799139 /* Base */ = {isa = PBXFileReference; lastKnownFileType = file.storyboard; name = Base; path = Base.lproj/LaunchScreen.storyboard; sourceTree = "<group>"; };
		1D441C3F1DB518AE00799139 /* Info.plist */ = {isa = PBXFileReference; lastKnownFileType = text.plist.xml; path = Info.plist; sourceTree = "<group>"; };
/* End PBXFileReference section */

/* Begin PBXFrameworksBuildPhase section */
		1D441C2D1DB518AE00799139 /* Frameworks */ = {
			isa = PBXFrameworksBuildPhase;
			buildActionMask = 2147483647;
			files = (
			);
			runOnlyForDeploymentPostprocessing = 0;
		};
/* End PBXFrameworksBuildPhase section */

/* Begin PBXGroup section */
		1D441C271DB518AE00799139 = {
			isa = PBXGroup;
			children = (
				1D441C321DB518AE00799139 /* 简易加法计算器 */,
				1D441C311DB518AE00799139 /* Products */,
			);
			sourceTree = "<group>";
		};
		1D441C311DB518AE00799139 /* Products */ = {
			isa = PBXGroup;
			children = (
				1D441C301DB518AE00799139 /* 简易加法计算器.app */,
			);
			name = Products;
			sourceTree = "<group>";
		};
		1D441C321DB518AE00799139 /* 简易加法计算器 */ = {
			isa = PBXGroup;
			children = (
				1D441C331DB518AE00799139 /* AppDelegate.swift */,
				1D441C351DB518AE00799139 /* ViewController.swift */,
				1D441C371DB518AE00799139 /* Main.storyboard */,
				1D441C3A1DB518AE00799139 /* Assets.xcassets */,
				1D441C3C1DB518AE00799139 /* LaunchScreen.storyboard */,
				1D441C3F1DB518AE00799139 /* Info.plist */,
			);
			path = "简易加法计算器";
			sourceTree = "<group>";
		};
/* End PBXGroup section */

/* Begin PBXNativeTarget section */
		1D441C2F1DB518AE00799139 /* 简易加法计算器 */ = {
			isa = PBXNativeTarget;
			buildConfigurationList = 1D441C421DB518AE00799139 /* Build configuration list for PBXNativeTarget "简易加法计算器" */;
			buildPhases = (
				1D441C2C1DB518AE00799139 /* Sources */,
				1D441C2D1DB518AE00799139 /* Frameworks */,
				1D441C2E1DB518AE00799139 /* Resources */,
			);
			buildRules = (
			);
			dependencies = (
			);
			name = "简易加法计算器";
			productName = "简易加法计算器";
			productReference = 1D441C301DB518AE00799139 /* 简易加法计算器.app */;
			productType = "com.apple.product-type.application";
		};
/* End PBXNativeTarget section */

/* Begin PBXProject section */
		1D441C281DB518AE00799139 /* Project object */ = {
			isa = PBXProject;
			attributes = {
				LastSwiftUpdateCheck = 0800;
				LastUpgradeCheck = 0800;
				ORGANIZATIONNAME = SF;
				TargetAttributes = {
					1D441C2F1DB518AE00799139 = {
						CreatedOnToolsVersion = 8.0;
						DevelopmentTeam = S9YH8KG45Q;
						ProvisioningStyle = Automatic;
					};
				};
			};
			buildConfigurationList = 1D441C2B1DB518AE00799139 /* Build configuration list for PBXProject "简易加法计算器" */;
			compatibilityVersion = "Xcode 3.2";
			developmentRegion = English;
			hasScannedForEncodings = 0;
			knownRegions = (
				en,
				Base,
			);
			mainGroup = 1D441C271DB518AE00799139;
			productRefGroup = 1D441C311DB518AE00799139 /* Products */;
			projectDirPath = "";
			projectRoot = "";
			targets = (
				1D441C2F1DB518AE00799139 /* 简易加法计算器 */,
			);
		};
/* End PBXProject section */

/* Begin PBXResourcesBuildPhase section */
		1D441C2E1DB518AE00799139 /* Resources */ = {
			isa = PBXResourcesBuildPhase;
			buildActionMask = 2147483647;
			files = (
				1D441C3E1DB518AE00799139 /* LaunchScreen.storyboard in Resources */,
				1D441C3B1DB518AE00799139 /* Assets.xcassets in Resources */,
				1D441C391DB518AE00799139 /* Main.storyboard in Resources */,
			);
			runOnlyForDeploymentPostprocessing = 0;
		};
/* End PBXResourcesBuildPhase section */

/* Begin PBXSourcesBuildPhase section */
		1D441C2C1DB518AE00799139 /* Sources */ = {
			isa = PBXSourcesBuildPhase;
			buildActionMask = 2147483647;
			files = (
				1D441C361DB518AE00799139 /* ViewController.swift in Sources */,
				1D441C341DB518AE00799139 /* AppDelegate.swift in Sources */,
			);
			runOnlyForDeploymentPostprocessing = 0;
		};
/* End PBXSourcesBuildPhase section */

/* Begin PBXVariantGroup section */
		1D441C371DB518AE00799139 /* Main.storyboard */ = {
			isa = PBXVariantGroup;
			children = (
				1D441C381DB518AE00799139 /* Base */,
			);
			name = Main.storyboard;
			sourceTree = "<group>";
		};
		1D441C3C1DB518AE00799139 /* LaunchScreen.storyboard */ = {
			isa = PBXVariantGroup;
			children = (
				1D441C3D1DB518AE00799139 /* Base */,
			);
			name = LaunchScreen.storyboard;
			sourceTree = "<group>";
		};
/* End PBXVariantGroup section */

/* Begin XCBuildConfiguration section */
		1D441C401DB518AE00799139 /* Debug */ = {
			isa = XCBuildConfiguration;
			buildSettings = {
				ALWAYS_SEARCH_USER_PATHS = NO;
				CLANG_ANALYZER_NONNULL = YES;
				CLANG_CXX_LANGUAGE_STANDARD = "gnu++0x";
				CLANG_CXX_LIBRARY = "libc++";
				CLANG_ENABLE_MODULES = YES;
				CLANG_ENABLE_OBJC_ARC = YES;
				CLANG_WARN_BOOL_CONVERSION = YES;
				CLANG_WARN_CONSTANT_CONVERSION = YES;
				CLANG_WARN_DIRECT_OBJC_ISA_USAGE = YES_ERROR;
				CLANG_WARN_DOCUMENTATION_COMMENTS = YES;
				CLANG_WARN_EMPTY_BODY = YES;
				CLANG_WARN_ENUM_CONVERSION = YES;
				CLANG_WARN_INFINITE_RECURSION = YES;
				CLANG_WARN_INT_CONVERSION = YES;
				CLANG_WARN_OBJC_ROOT_CLASS = YES_ERROR;
				CLANG_WARN_SUSPICIOUS_MOVES = YES;
				CLANG_WARN_UNREACHABLE_CODE = YES;
				CLANG_WARN__DUPLICATE_METHOD_MATCH = YES;
				"CODE_SIGN_IDENTITY[sdk=iphoneos*]" = "iPhone Developer";
				COPY_PHASE_STRIP = NO;
				DEBUG_INFORMATION_FORMAT = dwarf;
				ENABLE_STRICT_OBJC_MSGSEND = YES;
				ENABLE_TESTABILITY = YES;
				GCC_C_LANGUAGE_STANDARD = gnu99;
				GCC_DYNAMIC_NO_PIC = NO;
				GCC_NO_COMMON_BLOCKS = YES;
				GCC_OPTIMIZATION_LEVEL = 0;
				GCC_PREPROCESSOR_DEFINITIONS = (
					"DEBUG=1",
					"$(inherited)",
				);
				GCC_WARN_64_TO_32_BIT_CONVERSION = YES;
				GCC_WARN_ABOUT_RETURN_TYPE = YES_ERROR;
				GCC_WARN_UNDECLARED_SELECTOR = YES;
				GCC_WARN_UNINITIALIZED_AUTOS = YES_AGGRESSIVE;
				GCC_WARN_UNUSED_FUNCTION = YES;
				GCC_WARN_UNUSED_VARIABLE = YES;
				IPHONEOS_DEPLOYMENT_TARGET = 10.0;
				MTL_ENABLE_DEBUG_INFO = YES;
				ONLY_ACTIVE_ARCH = YES;
				SDKROOT = iphoneos;
				SWIFT_ACTIVE_COMPILATION_CONDITIONS = DEBUG;
				SWIFT_OPTIMIZATION_LEVEL = "-Onone";
			};
			name = Debug;
		};
		1D441C411DB518AE00799139 /* Release */ = {
			isa = XCBuildConfiguration;
			buildSettings = {
				ALWAYS_SEARCH_USER_PATHS = NO;
				CLANG_ANALYZER_NONNULL = YES;
				CLANG_CXX_LANGUAGE_STANDARD = "gnu++0x";
				CLANG_CXX_LIBRARY = "libc++";
				CLANG_ENABLE_MODULES = YES;
				CLANG_ENABLE_OBJC_ARC = YES;
				CLANG_WARN_BOOL_CONVERSION = YES;
				CLANG_WARN_CONSTANT_CONVERSION = YES;
				CLANG_WARN_DIRECT_OBJC_ISA_USAGE = YES_ERROR;
				CLANG_WARN_DOCUMENTATION_COMMENTS = YES;
				CLANG_WARN_EMPTY_BODY = YES;
				CLANG_WARN_ENUM_CONVERSION = YES;
				CLANG_WARN_INFINITE_RECURSION = YES;
				CLANG_WARN_INT_CONVERSION = YES;
				CLANG_WARN_OBJC_ROOT_CLASS = YES_ERROR;
				CLANG_WARN_SUSPICIOUS_MOVES = YES;
				CLANG_WARN_UNREACHABLE_CODE = YES;
				CLANG_WARN__DUPLICATE_METHOD_MATCH = YES;
				"CODE_SIGN_IDENTITY[sdk=iphoneos*]" = "iPhone Developer";
				COPY_PHASE_STRIP = NO;
				DEBUG_INFORMATION_FORMAT = "dwarf-with-dsym";
				ENABLE_NS_ASSERTIONS = NO;
				ENABLE_STRICT_OBJC_MSGSEND = YES;
				GCC_C_LANGUAGE_STANDARD = gnu99;
				GCC_NO_COMMON_BLOCKS = YES;
				GCC_WARN_64_TO_32_BIT_CONVERSION = YES;
				GCC_WARN_ABOUT_RETURN_TYPE = YES_ERROR;
				GCC_WARN_UNDECLARED_SELECTOR = YES;
				GCC_WARN_UNINITIALIZED_AUTOS = YES_AGGRESSIVE;
				GCC_WARN_UNUSED_FUNCTION = YES;
				GCC_WARN_UNUSED_VARIABLE = YES;
				IPHONEOS_DEPLOYMENT_TARGET = 10.0;
				MTL_ENABLE_DEBUG_INFO = NO;
				SDKROOT = iphoneos;
				SWIFT_OPTIMIZATION_LEVEL = "-Owholemodule";
				VALIDATE_PRODUCT = YES;
			};
			name = Release;
		};
		1D441C431DB518AE00799139 /* Debug */ = {
			isa = XCBuildConfiguration;
			buildSettings = {
				ASSETCATALOG_COMPILER_APPICON_NAME = AppIcon;
				DEVELOPMENT_TEAM = S9YH8KG45Q;
				INFOPLIST_FILE = "简易加法计算器/Info.plist";
				LD_RUNPATH_SEARCH_PATHS = "$(inherited) @executable_path/Frameworks";
				PRODUCT_BUNDLE_IDENTIFIER = "com.suifeng.-------";
				PRODUCT_NAME = "$(TARGET_NAME)";
				SWIFT_VERSION = 3.0;
			};
			name = Debug;
		};
		1D441C441DB518AE00799139 /* Release */ = {
			isa = XCBuildConfiguration;
			buildSettings = {
				ASSETCATALOG_COMPILER_APPICON_NAME = AppIcon;
				DEVELOPMENT_TEAM = S9YH8KG45Q;
				INFOPLIST_FILE = "简易加法计算器/Info.plist";
				LD_RUNPATH_SEARCH_PATHS = "$(inherited) @executable_path/Frameworks";
				PRODUCT_BUNDLE_IDENTIFIER = "com.suifeng.-------";
				PRODUCT_NAME = "$(TARGET_NAME)";
				SWIFT_VERSION = 3.0;
			};
			name = Release;
		};
/* End XCBuildConfiguration section */

/* Begin XCConfigurationList section */
		1D441C2B1DB518AE00799139 /* Build configuration list for PBXProject "简易加法计算器" */ = {
			isa = XCConfigurationList;
			buildConfigurations = (
				1D441C401DB518AE00799139 /* Debug */,
				1D441C411DB518AE00799139 /* Release */,
			);
			defaultConfigurationIsVisible = 0;
			defaultConfigurationName = Release;
		};
		1D441C421DB518AE00799139 /* Build configuration list for PBXNativeTarget "简易加法计算器" */ = {
			isa = XCConfigurationList;
			buildConfigurations = (
				1D441C431DB518AE00799139 /* Debug */,
				1D441C441DB518AE00799139 /* Release */,
			);
			defaultConfigurationIsVisible = 0;
		};
/* End XCConfigurationList section */
	};
	rootObject = 1D441C281DB518AE00799139 /* Project object */;
}
