// !$*UTF8*$!
{
	archiveVersion = 1;
	classes = {
	};
	objectVersion = 46;
	objects = {

/* Begin PBXBuildFile section */
		1D493ECC1DB3B9B8007304DF /* AppDelegate.swift in Sources */ = {isa = PBXBuildFile; fileRef = 1D493ECB1DB3B9B8007304DF /* AppDelegate.swift */; };
		1D493ECE1DB3B9B8007304DF /* ViewController.swift in Sources */ = {isa = PBXBuildFile; fileRef = 1D493ECD1DB3B9B8007304DF /* ViewController.swift */; };
		1D493ED11DB3B9B8007304DF /* Main.storyboard in Resources */ = {isa = PBXBuildFile; fileRef = 1D493ECF1DB3B9B8007304DF /* Main.storyboard */; };
		1D493ED31DB3B9B8007304DF /* Assets.xcassets in Resources */ = {isa = PBXBuildFile; fileRef = 1D493ED21DB3B9B8007304DF /* Assets.xcassets */; };
		1D493ED61DB3B9B8007304DF /* LaunchScreen.storyboard in Resources */ = {isa = PBXBuildFile; fileRef = 1D493ED41DB3B9B8007304DF /* LaunchScreen.storyboard */; };
/* End PBXBuildFile section */

/* Begin PBXFileReference section */
		1D493EC81DB3B9B8007304DF /* 闭包的循环引用.app */ = {isa = PBXFileReference; explicitFileType = wrapper.application; includeInIndex = 0; path = "闭包的循环引用.app"; sourceTree = BUILT_PRODUCTS_DIR; };
		1D493ECB1DB3B9B8007304DF /* AppDelegate.swift */ = {isa = PBXFileReference; lastKnownFileType = sourcecode.swift; path = AppDelegate.swift; sourceTree = "<group>"; };
		1D493ECD1DB3B9B8007304DF /* ViewController.swift */ = {isa = PBXFileReference; lastKnownFileType = sourcecode.swift; path = ViewController.swift; sourceTree = "<group>"; };
		1D493ED01DB3B9B8007304DF /* Base */ = {isa = PBXFileReference; lastKnownFileType = file.storyboard; name = Base; path = Base.lproj/Main.storyboard; sourceTree = "<group>"; };
		1D493ED21DB3B9B8007304DF /* Assets.xcassets */ = {isa = PBXFileReference; lastKnownFileType = folder.assetcatalog; path = Assets.xcassets; sourceTree = "<group>"; };
		1D493ED51DB3B9B8007304DF /* Base */ = {isa = PBXFileReference; lastKnownFileType = file.storyboard; name = Base; path = Base.lproj/LaunchScreen.storyboard; sourceTree = "<group>"; };
		1D493ED71DB3B9B8007304DF /* Info.plist */ = {isa = PBXFileReference; lastKnownFileType = text.plist.xml; path = Info.plist; sourceTree = "<group>"; };
/* End PBXFileReference section */

/* Begin PBXFrameworksBuildPhase section */
		1D493EC51DB3B9B8007304DF /* Frameworks */ = {
			isa = PBXFrameworksBuildPhase;
			buildActionMask = 2147483647;
			files = (
			);
			runOnlyForDeploymentPostprocessing = 0;
		};
/* End PBXFrameworksBuildPhase section */

/* Begin PBXGroup section */
		1D493EBF1DB3B9B8007304DF = {
			isa = PBXGroup;
			children = (
				1D493ECA1DB3B9B8007304DF /* 闭包的循环引用 */,
				1D493EC91DB3B9B8007304DF /* Products */,
			);
			sourceTree = "<group>";
		};
		1D493EC91DB3B9B8007304DF /* Products */ = {
			isa = PBXGroup;
			children = (
				1D493EC81DB3B9B8007304DF /* 闭包的循环引用.app */,
			);
			name = Products;
			sourceTree = "<group>";
		};
		1D493ECA1DB3B9B8007304DF /* 闭包的循环引用 */ = {
			isa = PBXGroup;
			children = (
				1D493ECB1DB3B9B8007304DF /* AppDelegate.swift */,
				1D493ECD1DB3B9B8007304DF /* ViewController.swift */,
				1D493ECF1DB3B9B8007304DF /* Main.storyboard */,
				1D493ED21DB3B9B8007304DF /* Assets.xcassets */,
				1D493ED41DB3B9B8007304DF /* LaunchScreen.storyboard */,
				1D493ED71DB3B9B8007304DF /* Info.plist */,
			);
			path = "闭包的循环引用";
			sourceTree = "<group>";
		};
/* End PBXGroup section */

/* Begin PBXNativeTarget section */
		1D493EC71DB3B9B8007304DF /* 闭包的循环引用 */ = {
			isa = PBXNativeTarget;
			buildConfigurationList = 1D493EDA1DB3B9B8007304DF /* Build configuration list for PBXNativeTarget "闭包的循环引用" */;
			buildPhases = (
				1D493EC41DB3B9B8007304DF /* Sources */,
				1D493EC51DB3B9B8007304DF /* Frameworks */,
				1D493EC61DB3B9B8007304DF /* Resources */,
			);
			buildRules = (
			);
			dependencies = (
			);
			name = "闭包的循环引用";
			productName = "闭包的循环引用";
			productReference = 1D493EC81DB3B9B8007304DF /* 闭包的循环引用.app */;
			productType = "com.apple.product-type.application";
		};
/* End PBXNativeTarget section */

/* Begin PBXProject section */
		1D493EC01DB3B9B8007304DF /* Project object */ = {
			isa = PBXProject;
			attributes = {
				LastSwiftUpdateCheck = 0800;
				LastUpgradeCheck = 0800;
				ORGANIZATIONNAME = SF;
				TargetAttributes = {
					1D493EC71DB3B9B8007304DF = {
						CreatedOnToolsVersion = 8.0;
						DevelopmentTeam = S9YH8KG45Q;
						ProvisioningStyle = Automatic;
					};
				};
			};
			buildConfigurationList = 1D493EC31DB3B9B8007304DF /* Build configuration list for PBXProject "闭包的循环引用" */;
			compatibilityVersion = "Xcode 3.2";
			developmentRegion = English;
			hasScannedForEncodings = 0;
			knownRegions = (
				en,
				Base,
			);
			mainGroup = 1D493EBF1DB3B9B8007304DF;
			productRefGroup = 1D493EC91DB3B9B8007304DF /* Products */;
			projectDirPath = "";
			projectRoot = "";
			targets = (
				1D493EC71DB3B9B8007304DF /* 闭包的循环引用 */,
			);
		};
/* End PBXProject section */

/* Begin PBXResourcesBuildPhase section */
		1D493EC61DB3B9B8007304DF /* Resources */ = {
			isa = PBXResourcesBuildPhase;
			buildActionMask = 2147483647;
			files = (
				1D493ED61DB3B9B8007304DF /* LaunchScreen.storyboard in Resources */,
				1D493ED31DB3B9B8007304DF /* Assets.xcassets in Resources */,
				1D493ED11DB3B9B8007304DF /* Main.storyboard in Resources */,
			);
			runOnlyForDeploymentPostprocessing = 0;
		};
/* End PBXResourcesBuildPhase section */

/* Begin PBXSourcesBuildPhase section */
		1D493EC41DB3B9B8007304DF /* Sources */ = {
			isa = PBXSourcesBuildPhase;
			buildActionMask = 2147483647;
			files = (
				1D493ECE1DB3B9B8007304DF /* ViewController.swift in Sources */,
				1D493ECC1DB3B9B8007304DF /* AppDelegate.swift in Sources */,
			);
			runOnlyForDeploymentPostprocessing = 0;
		};
/* End PBXSourcesBuildPhase section */

/* Begin PBXVariantGroup section */
		1D493ECF1DB3B9B8007304DF /* Main.storyboard */ = {
			isa = PBXVariantGroup;
			children = (
				1D493ED01DB3B9B8007304DF /* Base */,
			);
			name = Main.storyboard;
			sourceTree = "<group>";
		};
		1D493ED41DB3B9B8007304DF /* LaunchScreen.storyboard */ = {
			isa = PBXVariantGroup;
			children = (
				1D493ED51DB3B9B8007304DF /* Base */,
			);
			name = LaunchScreen.storyboard;
			sourceTree = "<group>";
		};
/* End PBXVariantGroup section */

/* Begin XCBuildConfiguration section */
		1D493ED81DB3B9B8007304DF /* Debug */ = {
			isa = XCBuildConfiguration;
			buildSettings = {
				ALWAYS_SEARCH_USER_PATHS = NO;
				CLANG_ANALYZER_NONNULL = YES;
				CLANG_CXX_LANGUAGE_STANDARD = "gnu++0x";
				CLANG_CXX_LIBRARY = "libc++";
				CLANG_ENABLE_MODULES = YES;
				CLANG_ENABLE_OBJC_ARC = YES;
				CLANG_WARN_BOOL_CONVERSION = YES;
				CLANG_WARN_CONSTANT_CONVERSION = YES;
				CLANG_WARN_DIRECT_OBJC_ISA_USAGE = YES_ERROR;
				CLANG_WARN_DOCUMENTATION_COMMENTS = YES;
				CLANG_WARN_EMPTY_BODY = YES;
				CLANG_WARN_ENUM_CONVERSION = YES;
				CLANG_WARN_INFINITE_RECURSION = YES;
				CLANG_WARN_INT_CONVERSION = YES;
				CLANG_WARN_OBJC_ROOT_CLASS = YES_ERROR;
				CLANG_WARN_SUSPICIOUS_MOVES = YES;
				CLANG_WARN_UNREACHABLE_CODE = YES;
				CLANG_WARN__DUPLICATE_METHOD_MATCH = YES;
				"CODE_SIGN_IDENTITY[sdk=iphoneos*]" = "iPhone Developer";
				COPY_PHASE_STRIP = NO;
				DEBUG_INFORMATION_FORMAT = dwarf;
				ENABLE_STRICT_OBJC_MSGSEND = YES;
				ENABLE_TESTABILITY = YES;
				GCC_C_LANGUAGE_STANDARD = gnu99;
				GCC_DYNAMIC_NO_PIC = NO;
				GCC_NO_COMMON_BLOCKS = YES;
				GCC_OPTIMIZATION_LEVEL = 0;
				GCC_PREPROCESSOR_DEFINITIONS = (
					"DEBUG=1",
					"$(inherited)",
				);
				GCC_WARN_64_TO_32_BIT_CONVERSION = YES;
				GCC_WARN_ABOUT_RETURN_TYPE = YES_ERROR;
				GCC_WARN_UNDECLARED_SELECTOR = YES;
				GCC_WARN_UNINITIALIZED_AUTOS = YES_AGGRESSIVE;
				GCC_WARN_UNUSED_FUNCTION = YES;
				GCC_WARN_UNUSED_VARIABLE = YES;
				IPHONEOS_DEPLOYMENT_TARGET = 10.0;
				MTL_ENABLE_DEBUG_INFO = YES;
				ONLY_ACTIVE_ARCH = YES;
				SDKROOT = iphoneos;
				SWIFT_ACTIVE_COMPILATION_CONDITIONS = DEBUG;
				SWIFT_OPTIMIZATION_LEVEL = "-Onone";
			};
			name = Debug;
		};
		1D493ED91DB3B9B8007304DF /* Release */ = {
			isa = XCBuildConfiguration;
			buildSettings = {
				ALWAYS_SEARCH_USER_PATHS = NO;
				CLANG_ANALYZER_NONNULL = YES;
				CLANG_CXX_LANGUAGE_STANDARD = "gnu++0x";
				CLANG_CXX_LIBRARY = "libc++";
				CLANG_ENABLE_MODULES = YES;
				CLANG_ENABLE_OBJC_ARC = YES;
				CLANG_WARN_BOOL_CONVERSION = YES;
				CLANG_WARN_CONSTANT_CONVERSION = YES;
				CLANG_WARN_DIRECT_OBJC_ISA_USAGE = YES_ERROR;
				CLANG_WARN_DOCUMENTATION_COMMENTS = YES;
				CLANG_WARN_EMPTY_BODY = YES;
				CLANG_WARN_ENUM_CONVERSION = YES;
				CLANG_WARN_INFINITE_RECURSION = YES;
				CLANG_WARN_INT_CONVERSION = YES;
				CLANG_WARN_OBJC_ROOT_CLASS = YES_ERROR;
				CLANG_WARN_SUSPICIOUS_MOVES = YES;
				CLANG_WARN_UNREACHABLE_CODE = YES;
				CLANG_WARN__DUPLICATE_METHOD_MATCH = YES;
				"CODE_SIGN_IDENTITY[sdk=iphoneos*]" = "iPhone Developer";
				COPY_PHASE_STRIP = NO;
				DEBUG_INFORMATION_FORMAT = "dwarf-with-dsym";
				ENABLE_NS_ASSERTIONS = NO;
				ENABLE_STRICT_OBJC_MSGSEND = YES;
				GCC_C_LANGUAGE_STANDARD = gnu99;
				GCC_NO_COMMON_BLOCKS = YES;
				GCC_WARN_64_TO_32_BIT_CONVERSION = YES;
				GCC_WARN_ABOUT_RETURN_TYPE = YES_ERROR;
				GCC_WARN_UNDECLARED_SELECTOR = YES;
				GCC_WARN_UNINITIALIZED_AUTOS = YES_AGGRESSIVE;
				GCC_WARN_UNUSED_FUNCTION = YES;
				GCC_WARN_UNUSED_VARIABLE = YES;
				IPHONEOS_DEPLOYMENT_TARGET = 10.0;
				MTL_ENABLE_DEBUG_INFO = NO;
				SDKROOT = iphoneos;
				SWIFT_OPTIMIZATION_LEVEL = "-Owholemodule";
				VALIDATE_PRODUCT = YES;
			};
			name = Release;
		};
		1D493EDB1DB3B9B8007304DF /* Debug */ = {
			isa = XCBuildConfiguration;
			buildSettings = {
				ASSETCATALOG_COMPILER_APPICON_NAME = AppIcon;
				DEVELOPMENT_TEAM = S9YH8KG45Q;
				INFOPLIST_FILE = "闭包的循环引用/Info.plist";
				LD_RUNPATH_SEARCH_PATHS = "$(inherited) @executable_path/Frameworks";
				PRODUCT_BUNDLE_IDENTIFIER = "com.suifeng.-------";
				PRODUCT_NAME = "$(TARGET_NAME)";
				SWIFT_VERSION = 3.0;
			};
			name = Debug;
		};
		1D493EDC1DB3B9B8007304DF /* Release */ = {
			isa = XCBuildConfiguration;
			buildSettings = {
				ASSETCATALOG_COMPILER_APPICON_NAME = AppIcon;
				DEVELOPMENT_TEAM = S9YH8KG45Q;
				INFOPLIST_FILE = "闭包的循环引用/Info.plist";
				LD_RUNPATH_SEARCH_PATHS = "$(inherited) @executable_path/Frameworks";
				PRODUCT_BUNDLE_IDENTIFIER = "com.suifeng.-------";
				PRODUCT_NAME = "$(TARGET_NAME)";
				SWIFT_VERSION = 3.0;
			};
			name = Release;
		};
/* End XCBuildConfiguration section */

/* Begin XCConfigurationList section */
		1D493EC31DB3B9B8007304DF /* Build configuration list for PBXProject "闭包的循环引用" */ = {
			isa = XCConfigurationList;
			buildConfigurations = (
				1D493ED81DB3B9B8007304DF /* Debug */,
				1D493ED91DB3B9B8007304DF /* Release */,
			);
			defaultConfigurationIsVisible = 0;
			defaultConfigurationName = Release;
		};
		1D493EDA1DB3B9B8007304DF /* Build configuration list for PBXNativeTarget "闭包的循环引用" */ = {
			isa = XCConfigurationList;
			buildConfigurations = (
				1D493EDB1DB3B9B8007304DF /* Debug */,
				1D493EDC1DB3B9B8007304DF /* Release */,
			);
			defaultConfigurationIsVisible = 0;
		};
/* End XCConfigurationList section */
	};
	rootObject = 1D493EC01DB3B9B8007304DF /* Project object */;
}
