// !$*UTF8*$!
{
	archiveVersion = 1;
	classes = {
	};
	objectVersion = 46;
	objects = {

/* Begin PBXBuildFile section */
		1D35A3CC1DC78F1100837161 /* AppDelegate.swift in Sources */ = {isa = PBXBuildFile; fileRef = 1D35A3CB1DC78F1100837161 /* AppDelegate.swift */; };
		1D35A3CE1DC78F1100837161 /* ViewController.swift in Sources */ = {isa = PBXBuildFile; fileRef = 1D35A3CD1DC78F1100837161 /* ViewController.swift */; };
		1D35A3D11DC78F1100837161 /* Main.storyboard in Resources */ = {isa = PBXBuildFile; fileRef = 1D35A3CF1DC78F1100837161 /* Main.storyboard */; };
		1D35A3D31DC78F1100837161 /* Assets.xcassets in Resources */ = {isa = PBXBuildFile; fileRef = 1D35A3D21DC78F1100837161 /* Assets.xcassets */; };
		1D35A3D61DC78F1100837161 /* LaunchScreen.storyboard in Resources */ = {isa = PBXBuildFile; fileRef = 1D35A3D41DC78F1100837161 /* LaunchScreen.storyboard */; };
		1D35A3DE1DC78F2400837161 /* Person.swift in Sources */ = {isa = PBXBuildFile; fileRef = 1D35A3DD1DC78F2400837161 /* Person.swift */; };
/* End PBXBuildFile section */

/* Begin PBXFileReference section */
		1D35A3C81DC78F1100837161 /* 02-只读属性(计算型属性).app */ = {isa = PBXFileReference; explicitFileType = wrapper.application; includeInIndex = 0; path = "02-只读属性(计算型属性).app"; sourceTree = BUILT_PRODUCTS_DIR; };
		1D35A3CB1DC78F1100837161 /* AppDelegate.swift */ = {isa = PBXFileReference; lastKnownFileType = sourcecode.swift; path = AppDelegate.swift; sourceTree = "<group>"; };
		1D35A3CD1DC78F1100837161 /* ViewController.swift */ = {isa = PBXFileReference; lastKnownFileType = sourcecode.swift; path = ViewController.swift; sourceTree = "<group>"; };
		1D35A3D01DC78F1100837161 /* Base */ = {isa = PBXFileReference; lastKnownFileType = file.storyboard; name = Base; path = Base.lproj/Main.storyboard; sourceTree = "<group>"; };
		1D35A3D21DC78F1100837161 /* Assets.xcassets */ = {isa = PBXFileReference; lastKnownFileType = folder.assetcatalog; path = Assets.xcassets; sourceTree = "<group>"; };
		1D35A3D51DC78F1100837161 /* Base */ = {isa = PBXFileReference; lastKnownFileType = file.storyboard; name = Base; path = Base.lproj/LaunchScreen.storyboard; sourceTree = "<group>"; };
		1D35A3D71DC78F1100837161 /* Info.plist */ = {isa = PBXFileReference; lastKnownFileType = text.plist.xml; path = Info.plist; sourceTree = "<group>"; };
		1D35A3DD1DC78F2400837161 /* Person.swift */ = {isa = PBXFileReference; fileEncoding = 4; lastKnownFileType = sourcecode.swift; path = Person.swift; sourceTree = "<group>"; };
/* End PBXFileReference section */

/* Begin PBXFrameworksBuildPhase section */
		1D35A3C51DC78F1100837161 /* Frameworks */ = {
			isa = PBXFrameworksBuildPhase;
			buildActionMask = 2147483647;
			files = (
			);
			runOnlyForDeploymentPostprocessing = 0;
		};
/* End PBXFrameworksBuildPhase section */

/* Begin PBXGroup section */
		1D35A3BF1DC78F1100837161 = {
			isa = PBXGroup;
			children = (
				1D35A3CA1DC78F1100837161 /* 02-只读属性(计算型属性) */,
				1D35A3C91DC78F1100837161 /* Products */,
			);
			sourceTree = "<group>";
		};
		1D35A3C91DC78F1100837161 /* Products */ = {
			isa = PBXGroup;
			children = (
				1D35A3C81DC78F1100837161 /* 02-只读属性(计算型属性).app */,
			);
			name = Products;
			sourceTree = "<group>";
		};
		1D35A3CA1DC78F1100837161 /* 02-只读属性(计算型属性) */ = {
			isa = PBXGroup;
			children = (
				1D35A3CB1DC78F1100837161 /* AppDelegate.swift */,
				1D35A3CD1DC78F1100837161 /* ViewController.swift */,
				1D35A3DD1DC78F2400837161 /* Person.swift */,
				1D35A3CF1DC78F1100837161 /* Main.storyboard */,
				1D35A3D21DC78F1100837161 /* Assets.xcassets */,
				1D35A3D41DC78F1100837161 /* LaunchScreen.storyboard */,
				1D35A3D71DC78F1100837161 /* Info.plist */,
			);
			path = "02-只读属性(计算型属性)";
			sourceTree = "<group>";
		};
/* End PBXGroup section */

/* Begin PBXNativeTarget section */
		1D35A3C71DC78F1100837161 /* 02-只读属性(计算型属性) */ = {
			isa = PBXNativeTarget;
			buildConfigurationList = 1D35A3DA1DC78F1100837161 /* Build configuration list for PBXNativeTarget "02-只读属性(计算型属性)" */;
			buildPhases = (
				1D35A3C41DC78F1100837161 /* Sources */,
				1D35A3C51DC78F1100837161 /* Frameworks */,
				1D35A3C61DC78F1100837161 /* Resources */,
			);
			buildRules = (
			);
			dependencies = (
			);
			name = "02-只读属性(计算型属性)";
			productName = "02-只读属性(计算型属性)";
			productReference = 1D35A3C81DC78F1100837161 /* 02-只读属性(计算型属性).app */;
			productType = "com.apple.product-type.application";
		};
/* End PBXNativeTarget section */

/* Begin PBXProject section */
		1D35A3C01DC78F1100837161 /* Project object */ = {
			isa = PBXProject;
			attributes = {
				LastSwiftUpdateCheck = 0800;
				LastUpgradeCheck = 0800;
				ORGANIZATIONNAME = SF;
				TargetAttributes = {
					1D35A3C71DC78F1100837161 = {
						CreatedOnToolsVersion = 8.0;
						DevelopmentTeam = S9YH8KG45Q;
						ProvisioningStyle = Automatic;
					};
				};
			};
			buildConfigurationList = 1D35A3C31DC78F1100837161 /* Build configuration list for PBXProject "02-只读属性(计算型属性)" */;
			compatibilityVersion = "Xcode 3.2";
			developmentRegion = English;
			hasScannedForEncodings = 0;
			knownRegions = (
				en,
				Base,
			);
			mainGroup = 1D35A3BF1DC78F1100837161;
			productRefGroup = 1D35A3C91DC78F1100837161 /* Products */;
			projectDirPath = "";
			projectRoot = "";
			targets = (
				1D35A3C71DC78F1100837161 /* 02-只读属性(计算型属性) */,
			);
		};
/* End PBXProject section */

/* Begin PBXResourcesBuildPhase section */
		1D35A3C61DC78F1100837161 /* Resources */ = {
			isa = PBXResourcesBuildPhase;
			buildActionMask = 2147483647;
			files = (
				1D35A3D61DC78F1100837161 /* LaunchScreen.storyboard in Resources */,
				1D35A3D31DC78F1100837161 /* Assets.xcassets in Resources */,
				1D35A3D11DC78F1100837161 /* Main.storyboard in Resources */,
			);
			runOnlyForDeploymentPostprocessing = 0;
		};
/* End PBXResourcesBuildPhase section */

/* Begin PBXSourcesBuildPhase section */
		1D35A3C41DC78F1100837161 /* Sources */ = {
			isa = PBXSourcesBuildPhase;
			buildActionMask = 2147483647;
			files = (
				1D35A3DE1DC78F2400837161 /* Person.swift in Sources */,
				1D35A3CE1DC78F1100837161 /* ViewController.swift in Sources */,
				1D35A3CC1DC78F1100837161 /* AppDelegate.swift in Sources */,
			);
			runOnlyForDeploymentPostprocessing = 0;
		};
/* End PBXSourcesBuildPhase section */

/* Begin PBXVariantGroup section */
		1D35A3CF1DC78F1100837161 /* Main.storyboard */ = {
			isa = PBXVariantGroup;
			children = (
				1D35A3D01DC78F1100837161 /* Base */,
			);
			name = Main.storyboard;
			sourceTree = "<group>";
		};
		1D35A3D41DC78F1100837161 /* LaunchScreen.storyboard */ = {
			isa = PBXVariantGroup;
			children = (
				1D35A3D51DC78F1100837161 /* Base */,
			);
			name = LaunchScreen.storyboard;
			sourceTree = "<group>";
		};
/* End PBXVariantGroup section */

/* Begin XCBuildConfiguration section */
		1D35A3D81DC78F1100837161 /* Debug */ = {
			isa = XCBuildConfiguration;
			buildSettings = {
				ALWAYS_SEARCH_USER_PATHS = NO;
				CLANG_ANALYZER_NONNULL = YES;
				CLANG_CXX_LANGUAGE_STANDARD = "gnu++0x";
				CLANG_CXX_LIBRARY = "libc++";
				CLANG_ENABLE_MODULES = YES;
				CLANG_ENABLE_OBJC_ARC = YES;
				CLANG_WARN_BOOL_CONVERSION = YES;
				CLANG_WARN_CONSTANT_CONVERSION = YES;
				CLANG_WARN_DIRECT_OBJC_ISA_USAGE = YES_ERROR;
				CLANG_WARN_DOCUMENTATION_COMMENTS = YES;
				CLANG_WARN_EMPTY_BODY = YES;
				CLANG_WARN_ENUM_CONVERSION = YES;
				CLANG_WARN_INFINITE_RECURSION = YES;
				CLANG_WARN_INT_CONVERSION = YES;
				CLANG_WARN_OBJC_ROOT_CLASS = YES_ERROR;
				CLANG_WARN_SUSPICIOUS_MOVES = YES;
				CLANG_WARN_UNREACHABLE_CODE = YES;
				CLANG_WARN__DUPLICATE_METHOD_MATCH = YES;
				"CODE_SIGN_IDENTITY[sdk=iphoneos*]" = "iPhone Developer";
				COPY_PHASE_STRIP = NO;
				DEBUG_INFORMATION_FORMAT = dwarf;
				ENABLE_STRICT_OBJC_MSGSEND = YES;
				ENABLE_TESTABILITY = YES;
				GCC_C_LANGUAGE_STANDARD = gnu99;
				GCC_DYNAMIC_NO_PIC = NO;
				GCC_NO_COMMON_BLOCKS = YES;
				GCC_OPTIMIZATION_LEVEL = 0;
				GCC_PREPROCESSOR_DEFINITIONS = (
					"DEBUG=1",
					"$(inherited)",
				);
				GCC_WARN_64_TO_32_BIT_CONVERSION = YES;
				GCC_WARN_ABOUT_RETURN_TYPE = YES_ERROR;
				GCC_WARN_UNDECLARED_SELECTOR = YES;
				GCC_WARN_UNINITIALIZED_AUTOS = YES_AGGRESSIVE;
				GCC_WARN_UNUSED_FUNCTION = YES;
				GCC_WARN_UNUSED_VARIABLE = YES;
				IPHONEOS_DEPLOYMENT_TARGET = 10.0;
				MTL_ENABLE_DEBUG_INFO = YES;
				ONLY_ACTIVE_ARCH = YES;
				SDKROOT = iphoneos;
				SWIFT_ACTIVE_COMPILATION_CONDITIONS = DEBUG;
				SWIFT_OPTIMIZATION_LEVEL = "-Onone";
			};
			name = Debug;
		};
		1D35A3D91DC78F1100837161 /* Release */ = {
			isa = XCBuildConfiguration;
			buildSettings = {
				ALWAYS_SEARCH_USER_PATHS = NO;
				CLANG_ANALYZER_NONNULL = YES;
				CLANG_CXX_LANGUAGE_STANDARD = "gnu++0x";
				CLANG_CXX_LIBRARY = "libc++";
				CLANG_ENABLE_MODULES = YES;
				CLANG_ENABLE_OBJC_ARC = YES;
				CLANG_WARN_BOOL_CONVERSION = YES;
				CLANG_WARN_CONSTANT_CONVERSION = YES;
				CLANG_WARN_DIRECT_OBJC_ISA_USAGE = YES_ERROR;
				CLANG_WARN_DOCUMENTATION_COMMENTS = YES;
				CLANG_WARN_EMPTY_BODY = YES;
				CLANG_WARN_ENUM_CONVERSION = YES;
				CLANG_WARN_INFINITE_RECURSION = YES;
				CLANG_WARN_INT_CONVERSION = YES;
				CLANG_WARN_OBJC_ROOT_CLASS = YES_ERROR;
				CLANG_WARN_SUSPICIOUS_MOVES = YES;
				CLANG_WARN_UNREACHABLE_CODE = YES;
				CLANG_WARN__DUPLICATE_METHOD_MATCH = YES;
				"CODE_SIGN_IDENTITY[sdk=iphoneos*]" = "iPhone Developer";
				COPY_PHASE_STRIP = NO;
				DEBUG_INFORMATION_FORMAT = "dwarf-with-dsym";
				ENABLE_NS_ASSERTIONS = NO;
				ENABLE_STRICT_OBJC_MSGSEND = YES;
				GCC_C_LANGUAGE_STANDARD = gnu99;
				GCC_NO_COMMON_BLOCKS = YES;
				GCC_WARN_64_TO_32_BIT_CONVERSION = YES;
				GCC_WARN_ABOUT_RETURN_TYPE = YES_ERROR;
				GCC_WARN_UNDECLARED_SELECTOR = YES;
				GCC_WARN_UNINITIALIZED_AUTOS = YES_AGGRESSIVE;
				GCC_WARN_UNUSED_FUNCTION = YES;
				GCC_WARN_UNUSED_VARIABLE = YES;
				IPHONEOS_DEPLOYMENT_TARGET = 10.0;
				MTL_ENABLE_DEBUG_INFO = NO;
				SDKROOT = iphoneos;
				SWIFT_OPTIMIZATION_LEVEL = "-Owholemodule";
				VALIDATE_PRODUCT = YES;
			};
			name = Release;
		};
		1D35A3DB1DC78F1100837161 /* Debug */ = {
			isa = XCBuildConfiguration;
			buildSettings = {
				ASSETCATALOG_COMPILER_APPICON_NAME = AppIcon;
				DEVELOPMENT_TEAM = S9YH8KG45Q;
				INFOPLIST_FILE = "02-只读属性(计算型属性)/Info.plist";
				LD_RUNPATH_SEARCH_PATHS = "$(inherited) @executable_path/Frameworks";
				PRODUCT_BUNDLE_IDENTIFIER = "com.suifeng.-2------------";
				PRODUCT_NAME = "$(TARGET_NAME)";
				SWIFT_VERSION = 3.0;
			};
			name = Debug;
		};
		1D35A3DC1DC78F1100837161 /* Release */ = {
			isa = XCBuildConfiguration;
			buildSettings = {
				ASSETCATALOG_COMPILER_APPICON_NAME = AppIcon;
				DEVELOPMENT_TEAM = S9YH8KG45Q;
				INFOPLIST_FILE = "02-只读属性(计算型属性)/Info.plist";
				LD_RUNPATH_SEARCH_PATHS = "$(inherited) @executable_path/Frameworks";
				PRODUCT_BUNDLE_IDENTIFIER = "com.suifeng.-2------------";
				PRODUCT_NAME = "$(TARGET_NAME)";
				SWIFT_VERSION = 3.0;
			};
			name = Release;
		};
/* End XCBuildConfiguration section */

/* Begin XCConfigurationList section */
		1D35A3C31DC78F1100837161 /* Build configuration list for PBXProject "02-只读属性(计算型属性)" */ = {
			isa = XCConfigurationList;
			buildConfigurations = (
				1D35A3D81DC78F1100837161 /* Debug */,
				1D35A3D91DC78F1100837161 /* Release */,
			);
			defaultConfigurationIsVisible = 0;
			defaultConfigurationName = Release;
		};
		1D35A3DA1DC78F1100837161 /* Build configuration list for PBXNativeTarget "02-只读属性(计算型属性)" */ = {
			isa = XCConfigurationList;
			buildConfigurations = (
				1D35A3DB1DC78F1100837161 /* Debug */,
				1D35A3DC1DC78F1100837161 /* Release */,
			);
			defaultConfigurationIsVisible = 0;
		};
/* End XCConfigurationList section */
	};
	rootObject = 1D35A3C01DC78F1100837161 /* Project object */;
}
