// !$*UTF8*$!
{
	archiveVersion = 1;
	classes = {
	};
	objectVersion = 46;
	objects = {

/* Begin PBXBuildFile section */
		1D7951A31D44B6F30060F178 /* AppDelegate.swift in Sources */ = {isa = PBXBuildFile; fileRef = 1D7951A21D44B6F30060F178 /* AppDelegate.swift */; };
		1D7951A51D44B6F30060F178 /* ViewController.swift in Sources */ = {isa = PBXBuildFile; fileRef = 1D7951A41D44B6F30060F178 /* ViewController.swift */; };
		1D7951A81D44B6F30060F178 /* Main.storyboard in Resources */ = {isa = PBXBuildFile; fileRef = 1D7951A61D44B6F30060F178 /* Main.storyboard */; };
		1D7951AA1D44B6F30060F178 /* Assets.xcassets in Resources */ = {isa = PBXBuildFile; fileRef = 1D7951A91D44B6F30060F178 /* Assets.xcassets */; };
		1D7951AD1D44B6F30060F178 /* LaunchScreen.storyboard in Resources */ = {isa = PBXBuildFile; fileRef = 1D7951AB1D44B6F30060F178 /* LaunchScreen.storyboard */; };
		1D7951B51D44B78C0060F178 /* Person.swift in Sources */ = {isa = PBXBuildFile; fileRef = 1D7951B41D44B78C0060F178 /* Person.swift */; };
		1D7951B71D44B8DF0060F178 /* Student.swift in Sources */ = {isa = PBXBuildFile; fileRef = 1D7951B61D44B8DF0060F178 /* Student.swift */; };
/* End PBXBuildFile section */

/* Begin PBXFileReference section */
		1D79519F1D44B6F30060F178 /* 继承.app */ = {isa = PBXFileReference; explicitFileType = wrapper.application; includeInIndex = 0; path = "继承.app"; sourceTree = BUILT_PRODUCTS_DIR; };
		1D7951A21D44B6F30060F178 /* AppDelegate.swift */ = {isa = PBXFileReference; lastKnownFileType = sourcecode.swift; path = AppDelegate.swift; sourceTree = "<group>"; };
		1D7951A41D44B6F30060F178 /* ViewController.swift */ = {isa = PBXFileReference; lastKnownFileType = sourcecode.swift; path = ViewController.swift; sourceTree = "<group>"; };
		1D7951A71D44B6F30060F178 /* Base */ = {isa = PBXFileReference; lastKnownFileType = file.storyboard; name = Base; path = Base.lproj/Main.storyboard; sourceTree = "<group>"; };
		1D7951A91D44B6F30060F178 /* Assets.xcassets */ = {isa = PBXFileReference; lastKnownFileType = folder.assetcatalog; path = Assets.xcassets; sourceTree = "<group>"; };
		1D7951AC1D44B6F30060F178 /* Base */ = {isa = PBXFileReference; lastKnownFileType = file.storyboard; name = Base; path = Base.lproj/LaunchScreen.storyboard; sourceTree = "<group>"; };
		1D7951AE1D44B6F30060F178 /* Info.plist */ = {isa = PBXFileReference; lastKnownFileType = text.plist.xml; path = Info.plist; sourceTree = "<group>"; };
		1D7951B41D44B78C0060F178 /* Person.swift */ = {isa = PBXFileReference; fileEncoding = 4; lastKnownFileType = sourcecode.swift; path = Person.swift; sourceTree = "<group>"; };
		1D7951B61D44B8DF0060F178 /* Student.swift */ = {isa = PBXFileReference; fileEncoding = 4; lastKnownFileType = sourcecode.swift; path = Student.swift; sourceTree = "<group>"; };
/* End PBXFileReference section */

/* Begin PBXFrameworksBuildPhase section */
		1D79519C1D44B6F30060F178 /* Frameworks */ = {
			isa = PBXFrameworksBuildPhase;
			buildActionMask = 2147483647;
			files = (
			);
			runOnlyForDeploymentPostprocessing = 0;
		};
/* End PBXFrameworksBuildPhase section */

/* Begin PBXGroup section */
		1D7951961D44B6F30060F178 = {
			isa = PBXGroup;
			children = (
				1D7951A11D44B6F30060F178 /* 继承 */,
				1D7951A01D44B6F30060F178 /* Products */,
			);
			sourceTree = "<group>";
		};
		1D7951A01D44B6F30060F178 /* Products */ = {
			isa = PBXGroup;
			children = (
				1D79519F1D44B6F30060F178 /* 继承.app */,
			);
			name = Products;
			sourceTree = "<group>";
		};
		1D7951A11D44B6F30060F178 /* 继承 */ = {
			isa = PBXGroup;
			children = (
				1D7951A21D44B6F30060F178 /* AppDelegate.swift */,
				1D7951A41D44B6F30060F178 /* ViewController.swift */,
				1D7951B41D44B78C0060F178 /* Person.swift */,
				1D7951B61D44B8DF0060F178 /* Student.swift */,
				1D7951A61D44B6F30060F178 /* Main.storyboard */,
				1D7951A91D44B6F30060F178 /* Assets.xcassets */,
				1D7951AB1D44B6F30060F178 /* LaunchScreen.storyboard */,
				1D7951AE1D44B6F30060F178 /* Info.plist */,
			);
			path = "继承";
			sourceTree = "<group>";
		};
/* End PBXGroup section */

/* Begin PBXNativeTarget section */
		1D79519E1D44B6F30060F178 /* 继承 */ = {
			isa = PBXNativeTarget;
			buildConfigurationList = 1D7951B11D44B6F30060F178 /* Build configuration list for PBXNativeTarget "继承" */;
			buildPhases = (
				1D79519B1D44B6F30060F178 /* Sources */,
				1D79519C1D44B6F30060F178 /* Frameworks */,
				1D79519D1D44B6F30060F178 /* Resources */,
			);
			buildRules = (
			);
			dependencies = (
			);
			name = "继承";
			productName = "继承";
			productReference = 1D79519F1D44B6F30060F178 /* 继承.app */;
			productType = "com.apple.product-type.application";
		};
/* End PBXNativeTarget section */

/* Begin PBXProject section */
		1D7951971D44B6F30060F178 /* Project object */ = {
			isa = PBXProject;
			attributes = {
				LastSwiftUpdateCheck = 0800;
				LastUpgradeCheck = 0800;
				ORGANIZATIONNAME = SF;
				TargetAttributes = {
					1D79519E1D44B6F30060F178 = {
						CreatedOnToolsVersion = 8.0;
						DevelopmentTeam = VN226642G5;
						DevelopmentTeamName = "The Third Stone Holdings Limited";
						ProvisioningStyle = Automatic;
					};
				};
			};
			buildConfigurationList = 1D79519A1D44B6F30060F178 /* Build configuration list for PBXProject "继承" */;
			compatibilityVersion = "Xcode 3.2";
			developmentRegion = English;
			hasScannedForEncodings = 0;
			knownRegions = (
				en,
				Base,
			);
			mainGroup = 1D7951961D44B6F30060F178;
			productRefGroup = 1D7951A01D44B6F30060F178 /* Products */;
			projectDirPath = "";
			projectRoot = "";
			targets = (
				1D79519E1D44B6F30060F178 /* 继承 */,
			);
		};
/* End PBXProject section */

/* Begin PBXResourcesBuildPhase section */
		1D79519D1D44B6F30060F178 /* Resources */ = {
			isa = PBXResourcesBuildPhase;
			buildActionMask = 2147483647;
			files = (
				1D7951AD1D44B6F30060F178 /* LaunchScreen.storyboard in Resources */,
				1D7951AA1D44B6F30060F178 /* Assets.xcassets in Resources */,
				1D7951A81D44B6F30060F178 /* Main.storyboard in Resources */,
			);
			runOnlyForDeploymentPostprocessing = 0;
		};
/* End PBXResourcesBuildPhase section */

/* Begin PBXSourcesBuildPhase section */
		1D79519B1D44B6F30060F178 /* Sources */ = {
			isa = PBXSourcesBuildPhase;
			buildActionMask = 2147483647;
			files = (
				1D7951B51D44B78C0060F178 /* Person.swift in Sources */,
				1D7951A51D44B6F30060F178 /* ViewController.swift in Sources */,
				1D7951A31D44B6F30060F178 /* AppDelegate.swift in Sources */,
				1D7951B71D44B8DF0060F178 /* Student.swift in Sources */,
			);
			runOnlyForDeploymentPostprocessing = 0;
		};
/* End PBXSourcesBuildPhase section */

/* Begin PBXVariantGroup section */
		1D7951A61D44B6F30060F178 /* Main.storyboard */ = {
			isa = PBXVariantGroup;
			children = (
				1D7951A71D44B6F30060F178 /* Base */,
			);
			name = Main.storyboard;
			sourceTree = "<group>";
		};
		1D7951AB1D44B6F30060F178 /* LaunchScreen.storyboard */ = {
			isa = PBXVariantGroup;
			children = (
				1D7951AC1D44B6F30060F178 /* Base */,
			);
			name = LaunchScreen.storyboard;
			sourceTree = "<group>";
		};
/* End PBXVariantGroup section */

/* Begin XCBuildConfiguration section */
		1D7951AF1D44B6F30060F178 /* Debug */ = {
			isa = XCBuildConfiguration;
			buildSettings = {
				ALWAYS_SEARCH_USER_PATHS = NO;
				CLANG_ANALYZER_NONNULL = YES;
				CLANG_CXX_LANGUAGE_STANDARD = "gnu++0x";
				CLANG_CXX_LIBRARY = "libc++";
				CLANG_ENABLE_MODULES = YES;
				CLANG_ENABLE_OBJC_ARC = YES;
				CLANG_WARN_BOOL_CONVERSION = YES;
				CLANG_WARN_CONSTANT_CONVERSION = YES;
				CLANG_WARN_DIRECT_OBJC_ISA_USAGE = YES_ERROR;
				CLANG_WARN_DOCUMENTATION_COMMENTS = YES;
				CLANG_WARN_EMPTY_BODY = YES;
				CLANG_WARN_ENUM_CONVERSION = YES;
				CLANG_WARN_INT_CONVERSION = YES;
				CLANG_WARN_OBJC_ROOT_CLASS = YES_ERROR;
				CLANG_WARN_UNREACHABLE_CODE = YES;
				CLANG_WARN__DUPLICATE_METHOD_MATCH = YES;
				"CODE_SIGN_IDENTITY[sdk=iphoneos*]" = "iPhone Developer";
				COPY_PHASE_STRIP = NO;
				DEBUG_INFORMATION_FORMAT = dwarf;
				ENABLE_STRICT_OBJC_MSGSEND = YES;
				ENABLE_TESTABILITY = YES;
				GCC_C_LANGUAGE_STANDARD = gnu99;
				GCC_DYNAMIC_NO_PIC = NO;
				GCC_NO_COMMON_BLOCKS = YES;
				GCC_OPTIMIZATION_LEVEL = 0;
				GCC_PREPROCESSOR_DEFINITIONS = (
					"DEBUG=1",
					"$(inherited)",
				);
				GCC_WARN_64_TO_32_BIT_CONVERSION = YES;
				GCC_WARN_ABOUT_RETURN_TYPE = YES_ERROR;
				GCC_WARN_UNDECLARED_SELECTOR = YES;
				GCC_WARN_UNINITIALIZED_AUTOS = YES_AGGRESSIVE;
				GCC_WARN_UNUSED_FUNCTION = YES;
				GCC_WARN_UNUSED_VARIABLE = YES;
				IPHONEOS_DEPLOYMENT_TARGET = 10.0;
				MTL_ENABLE_DEBUG_INFO = YES;
				ONLY_ACTIVE_ARCH = YES;
				SDKROOT = iphoneos;
				SWIFT_ACTIVE_COMPILATION_CONDITIONS = DEBUG;
				SWIFT_OPTIMIZATION_LEVEL = "-Onone";
			};
			name = Debug;
		};
		1D7951B01D44B6F30060F178 /* Release */ = {
			isa = XCBuildConfiguration;
			buildSettings = {
				ALWAYS_SEARCH_USER_PATHS = NO;
				CLANG_ANALYZER_NONNULL = YES;
				CLANG_CXX_LANGUAGE_STANDARD = "gnu++0x";
				CLANG_CXX_LIBRARY = "libc++";
				CLANG_ENABLE_MODULES = YES;
				CLANG_ENABLE_OBJC_ARC = YES;
				CLANG_WARN_BOOL_CONVERSION = YES;
				CLANG_WARN_CONSTANT_CONVERSION = YES;
				CLANG_WARN_DIRECT_OBJC_ISA_USAGE = YES_ERROR;
				CLANG_WARN_DOCUMENTATION_COMMENTS = YES;
				CLANG_WARN_EMPTY_BODY = YES;
				CLANG_WARN_ENUM_CONVERSION = YES;
				CLANG_WARN_INT_CONVERSION = YES;
				CLANG_WARN_OBJC_ROOT_CLASS = YES_ERROR;
				CLANG_WARN_UNREACHABLE_CODE = YES;
				CLANG_WARN__DUPLICATE_METHOD_MATCH = YES;
				"CODE_SIGN_IDENTITY[sdk=iphoneos*]" = "iPhone Developer";
				COPY_PHASE_STRIP = NO;
				DEBUG_INFORMATION_FORMAT = "dwarf-with-dsym";
				ENABLE_NS_ASSERTIONS = NO;
				ENABLE_STRICT_OBJC_MSGSEND = YES;
				GCC_C_LANGUAGE_STANDARD = gnu99;
				GCC_NO_COMMON_BLOCKS = YES;
				GCC_WARN_64_TO_32_BIT_CONVERSION = YES;
				GCC_WARN_ABOUT_RETURN_TYPE = YES_ERROR;
				GCC_WARN_UNDECLARED_SELECTOR = YES;
				GCC_WARN_UNINITIALIZED_AUTOS = YES_AGGRESSIVE;
				GCC_WARN_UNUSED_FUNCTION = YES;
				GCC_WARN_UNUSED_VARIABLE = YES;
				IPHONEOS_DEPLOYMENT_TARGET = 10.0;
				MTL_ENABLE_DEBUG_INFO = NO;
				SDKROOT = iphoneos;
				SWIFT_OPTIMIZATION_LEVEL = "-Owholemodule";
				VALIDATE_PRODUCT = YES;
			};
			name = Release;
		};
		1D7951B21D44B6F30060F178 /* Debug */ = {
			isa = XCBuildConfiguration;
			buildSettings = {
				ASSETCATALOG_COMPILER_APPICON_NAME = AppIcon;
				INFOPLIST_FILE = "继承/Info.plist";
				LD_RUNPATH_SEARCH_PATHS = "$(inherited) @executable_path/Frameworks";
				PRODUCT_BUNDLE_IDENTIFIER = "com.suifeng.--";
				PRODUCT_NAME = "$(TARGET_NAME)";
				SWIFT_VERSION = 3.0;
			};
			name = Debug;
		};
		1D7951B31D44B6F30060F178 /* Release */ = {
			isa = XCBuildConfiguration;
			buildSettings = {
				ASSETCATALOG_COMPILER_APPICON_NAME = AppIcon;
				INFOPLIST_FILE = "继承/Info.plist";
				LD_RUNPATH_SEARCH_PATHS = "$(inherited) @executable_path/Frameworks";
				PRODUCT_BUNDLE_IDENTIFIER = "com.suifeng.--";
				PRODUCT_NAME = "$(TARGET_NAME)";
				SWIFT_VERSION = 3.0;
			};
			name = Release;
		};
/* End XCBuildConfiguration section */

/* Begin XCConfigurationList section */
		1D79519A1D44B6F30060F178 /* Build configuration list for PBXProject "继承" */ = {
			isa = XCConfigurationList;
			buildConfigurations = (
				1D7951AF1D44B6F30060F178 /* Debug */,
				1D7951B01D44B6F30060F178 /* Release */,
			);
			defaultConfigurationIsVisible = 0;
			defaultConfigurationName = Release;
		};
		1D7951B11D44B6F30060F178 /* Build configuration list for PBXNativeTarget "继承" */ = {
			isa = XCConfigurationList;
			buildConfigurations = (
				1D7951B21D44B6F30060F178 /* Debug */,
				1D7951B31D44B6F30060F178 /* Release */,
			);
			defaultConfigurationIsVisible = 0;
		};
/* End XCConfigurationList section */
	};
	rootObject = 1D7951971D44B6F30060F178 /* Project object */;
}
