// !$*UTF8*$!
{
	archiveVersion = 1;
	classes = {
	};
	objectVersion = 46;
	objects = {

/* Begin PBXBuildFile section */
		C28262271CDF7D26008FDED6 /* AppDelegate.swift in Sources */ = {isa = PBXBuildFile; fileRef = C28262261CDF7D26008FDED6 /* AppDelegate.swift */; };
		C28262291CDF7D26008FDED6 /* ViewController.swift in Sources */ = {isa = PBXBuildFile; fileRef = C28262281CDF7D26008FDED6 /* ViewController.swift */; };
		C282622C1CDF7D26008FDED6 /* Main.storyboard in Resources */ = {isa = PBXBuildFile; fileRef = C282622A1CDF7D26008FDED6 /* Main.storyboard */; };
		C282622E1CDF7D26008FDED6 /* Assets.xcassets in Resources */ = {isa = PBXBuildFile; fileRef = C282622D1CDF7D26008FDED6 /* Assets.xcassets */; };
		C28262311CDF7D26008FDED6 /* LaunchScreen.storyboard in Resources */ = {isa = PBXBuildFile; fileRef = C282622F1CDF7D26008FDED6 /* LaunchScreen.storyboard */; };
/* End PBXBuildFile section */

/* Begin PBXFileReference section */
		C28262231CDF7D26008FDED6 /* 闭包.app */ = {isa = PBXFileReference; explicitFileType = wrapper.application; includeInIndex = 0; path = "闭包.app"; sourceTree = BUILT_PRODUCTS_DIR; };
		C28262261CDF7D26008FDED6 /* AppDelegate.swift */ = {isa = PBXFileReference; lastKnownFileType = sourcecode.swift; path = AppDelegate.swift; sourceTree = "<group>"; };
		C28262281CDF7D26008FDED6 /* ViewController.swift */ = {isa = PBXFileReference; lastKnownFileType = sourcecode.swift; path = ViewController.swift; sourceTree = "<group>"; };
		C282622B1CDF7D26008FDED6 /* Base */ = {isa = PBXFileReference; lastKnownFileType = file.storyboard; name = Base; path = Base.lproj/Main.storyboard; sourceTree = "<group>"; };
		C282622D1CDF7D26008FDED6 /* Assets.xcassets */ = {isa = PBXFileReference; lastKnownFileType = folder.assetcatalog; path = Assets.xcassets; sourceTree = "<group>"; };
		C28262301CDF7D26008FDED6 /* Base */ = {isa = PBXFileReference; lastKnownFileType = file.storyboard; name = Base; path = Base.lproj/LaunchScreen.storyboard; sourceTree = "<group>"; };
		C28262321CDF7D26008FDED6 /* Info.plist */ = {isa = PBXFileReference; lastKnownFileType = text.plist.xml; path = Info.plist; sourceTree = "<group>"; };
/* End PBXFileReference section */

/* Begin PBXFrameworksBuildPhase section */
		C28262201CDF7D26008FDED6 /* Frameworks */ = {
			isa = PBXFrameworksBuildPhase;
			buildActionMask = 2147483647;
			files = (
			);
			runOnlyForDeploymentPostprocessing = 0;
		};
/* End PBXFrameworksBuildPhase section */

/* Begin PBXGroup section */
		C282621A1CDF7D26008FDED6 = {
			isa = PBXGroup;
			children = (
				C28262251CDF7D26008FDED6 /* 闭包 */,
				C28262241CDF7D26008FDED6 /* Products */,
			);
			sourceTree = "<group>";
		};
		C28262241CDF7D26008FDED6 /* Products */ = {
			isa = PBXGroup;
			children = (
				C28262231CDF7D26008FDED6 /* 闭包.app */,
			);
			name = Products;
			sourceTree = "<group>";
		};
		C28262251CDF7D26008FDED6 /* 闭包 */ = {
			isa = PBXGroup;
			children = (
				C28262261CDF7D26008FDED6 /* AppDelegate.swift */,
				C28262281CDF7D26008FDED6 /* ViewController.swift */,
				C282622A1CDF7D26008FDED6 /* Main.storyboard */,
				C282622D1CDF7D26008FDED6 /* Assets.xcassets */,
				C282622F1CDF7D26008FDED6 /* LaunchScreen.storyboard */,
				C28262321CDF7D26008FDED6 /* Info.plist */,
			);
			path = "闭包";
			sourceTree = "<group>";
		};
/* End PBXGroup section */

/* Begin PBXNativeTarget section */
		C28262221CDF7D26008FDED6 /* 闭包 */ = {
			isa = PBXNativeTarget;
			buildConfigurationList = C28262351CDF7D26008FDED6 /* Build configuration list for PBXNativeTarget "闭包" */;
			buildPhases = (
				C282621F1CDF7D26008FDED6 /* Sources */,
				C28262201CDF7D26008FDED6 /* Frameworks */,
				C28262211CDF7D26008FDED6 /* Resources */,
			);
			buildRules = (
			);
			dependencies = (
			);
			name = "闭包";
			productName = "闭包";
			productReference = C28262231CDF7D26008FDED6 /* 闭包.app */;
			productType = "com.apple.product-type.application";
		};
/* End PBXNativeTarget section */

/* Begin PBXProject section */
		C282621B1CDF7D26008FDED6 /* Project object */ = {
			isa = PBXProject;
			attributes = {
				LastSwiftUpdateCheck = 0730;
				LastUpgradeCheck = 0730;
				ORGANIZATIONNAME = SF;
				TargetAttributes = {
					C28262221CDF7D26008FDED6 = {
						CreatedOnToolsVersion = 7.3.1;
					};
				};
			};
			buildConfigurationList = C282621E1CDF7D26008FDED6 /* Build configuration list for PBXProject "闭包" */;
			compatibilityVersion = "Xcode 3.2";
			developmentRegion = English;
			hasScannedForEncodings = 0;
			knownRegions = (
				en,
				Base,
			);
			mainGroup = C282621A1CDF7D26008FDED6;
			productRefGroup = C28262241CDF7D26008FDED6 /* Products */;
			projectDirPath = "";
			projectRoot = "";
			targets = (
				C28262221CDF7D26008FDED6 /* 闭包 */,
			);
		};
/* End PBXProject section */

/* Begin PBXResourcesBuildPhase section */
		C28262211CDF7D26008FDED6 /* Resources */ = {
			isa = PBXResourcesBuildPhase;
			buildActionMask = 2147483647;
			files = (
				C28262311CDF7D26008FDED6 /* LaunchScreen.storyboard in Resources */,
				C282622E1CDF7D26008FDED6 /* Assets.xcassets in Resources */,
				C282622C1CDF7D26008FDED6 /* Main.storyboard in Resources */,
			);
			runOnlyForDeploymentPostprocessing = 0;
		};
/* End PBXResourcesBuildPhase section */

/* Begin PBXSourcesBuildPhase section */
		C282621F1CDF7D26008FDED6 /* Sources */ = {
			isa = PBXSourcesBuildPhase;
			buildActionMask = 2147483647;
			files = (
				C28262291CDF7D26008FDED6 /* ViewController.swift in Sources */,
				C28262271CDF7D26008FDED6 /* AppDelegate.swift in Sources */,
			);
			runOnlyForDeploymentPostprocessing = 0;
		};
/* End PBXSourcesBuildPhase section */

/* Begin PBXVariantGroup section */
		C282622A1CDF7D26008FDED6 /* Main.storyboard */ = {
			isa = PBXVariantGroup;
			children = (
				C282622B1CDF7D26008FDED6 /* Base */,
			);
			name = Main.storyboard;
			sourceTree = "<group>";
		};
		C282622F1CDF7D26008FDED6 /* LaunchScreen.storyboard */ = {
			isa = PBXVariantGroup;
			children = (
				C28262301CDF7D26008FDED6 /* Base */,
			);
			name = LaunchScreen.storyboard;
			sourceTree = "<group>";
		};
/* End PBXVariantGroup section */

/* Begin XCBuildConfiguration section */
		C28262331CDF7D26008FDED6 /* Debug */ = {
			isa = XCBuildConfiguration;
			buildSettings = {
				ALWAYS_SEARCH_USER_PATHS = NO;
				CLANG_ANALYZER_NONNULL = YES;
				CLANG_CXX_LANGUAGE_STANDARD = "gnu++0x";
				CLANG_CXX_LIBRARY = "libc++";
				CLANG_ENABLE_MODULES = YES;
				CLANG_ENABLE_OBJC_ARC = YES;
				CLANG_WARN_BOOL_CONVERSION = YES;
				CLANG_WARN_CONSTANT_CONVERSION = YES;
				CLANG_WARN_DIRECT_OBJC_ISA_USAGE = YES_ERROR;
				CLANG_WARN_EMPTY_BODY = YES;
				CLANG_WARN_ENUM_CONVERSION = YES;
				CLANG_WARN_INT_CONVERSION = YES;
				CLANG_WARN_OBJC_ROOT_CLASS = YES_ERROR;
				CLANG_WARN_UNREACHABLE_CODE = YES;
				CLANG_WARN__DUPLICATE_METHOD_MATCH = YES;
				"CODE_SIGN_IDENTITY[sdk=iphoneos*]" = "iPhone Developer";
				COPY_PHASE_STRIP = NO;
				DEBUG_INFORMATION_FORMAT = dwarf;
				ENABLE_STRICT_OBJC_MSGSEND = YES;
				ENABLE_TESTABILITY = YES;
				GCC_C_LANGUAGE_STANDARD = gnu99;
				GCC_DYNAMIC_NO_PIC = NO;
				GCC_NO_COMMON_BLOCKS = YES;
				GCC_OPTIMIZATION_LEVEL = 0;
				GCC_PREPROCESSOR_DEFINITIONS = (
					"DEBUG=1",
					"$(inherited)",
				);
				GCC_WARN_64_TO_32_BIT_CONVERSION = YES;
				GCC_WARN_ABOUT_RETURN_TYPE = YES_ERROR;
				GCC_WARN_UNDECLARED_SELECTOR = YES;
				GCC_WARN_UNINITIALIZED_AUTOS = YES_AGGRESSIVE;
				GCC_WARN_UNUSED_FUNCTION = YES;
				GCC_WARN_UNUSED_VARIABLE = YES;
				IPHONEOS_DEPLOYMENT_TARGET = 9.3;
				MTL_ENABLE_DEBUG_INFO = YES;
				ONLY_ACTIVE_ARCH = YES;
				SDKROOT = iphoneos;
				SWIFT_OPTIMIZATION_LEVEL = "-Onone";
			};
			name = Debug;
		};
		C28262341CDF7D26008FDED6 /* Release */ = {
			isa = XCBuildConfiguration;
			buildSettings = {
				ALWAYS_SEARCH_USER_PATHS = NO;
				CLANG_ANALYZER_NONNULL = YES;
				CLANG_CXX_LANGUAGE_STANDARD = "gnu++0x";
				CLANG_CXX_LIBRARY = "libc++";
				CLANG_ENABLE_MODULES = YES;
				CLANG_ENABLE_OBJC_ARC = YES;
				CLANG_WARN_BOOL_CONVERSION = YES;
				CLANG_WARN_CONSTANT_CONVERSION = YES;
				CLANG_WARN_DIRECT_OBJC_ISA_USAGE = YES_ERROR;
				CLANG_WARN_EMPTY_BODY = YES;
				CLANG_WARN_ENUM_CONVERSION = YES;
				CLANG_WARN_INT_CONVERSION = YES;
				CLANG_WARN_OBJC_ROOT_CLASS = YES_ERROR;
				CLANG_WARN_UNREACHABLE_CODE = YES;
				CLANG_WARN__DUPLICATE_METHOD_MATCH = YES;
				"CODE_SIGN_IDENTITY[sdk=iphoneos*]" = "iPhone Developer";
				COPY_PHASE_STRIP = NO;
				DEBUG_INFORMATION_FORMAT = "dwarf-with-dsym";
				ENABLE_NS_ASSERTIONS = NO;
				ENABLE_STRICT_OBJC_MSGSEND = YES;
				GCC_C_LANGUAGE_STANDARD = gnu99;
				GCC_NO_COMMON_BLOCKS = YES;
				GCC_WARN_64_TO_32_BIT_CONVERSION = YES;
				GCC_WARN_ABOUT_RETURN_TYPE = YES_ERROR;
				GCC_WARN_UNDECLARED_SELECTOR = YES;
				GCC_WARN_UNINITIALIZED_AUTOS = YES_AGGRESSIVE;
				GCC_WARN_UNUSED_FUNCTION = YES;
				GCC_WARN_UNUSED_VARIABLE = YES;
				IPHONEOS_DEPLOYMENT_TARGET = 9.3;
				MTL_ENABLE_DEBUG_INFO = NO;
				SDKROOT = iphoneos;
				VALIDATE_PRODUCT = YES;
			};
			name = Release;
		};
		C28262361CDF7D26008FDED6 /* Debug */ = {
			isa = XCBuildConfiguration;
			buildSettings = {
				ASSETCATALOG_COMPILER_APPICON_NAME = AppIcon;
				INFOPLIST_FILE = "闭包/Info.plist";
				LD_RUNPATH_SEARCH_PATHS = "$(inherited) @executable_path/Frameworks";
				PRODUCT_BUNDLE_IDENTIFIER = "com.suifeng.--";
				PRODUCT_NAME = "$(TARGET_NAME)";
			};
			name = Debug;
		};
		C28262371CDF7D26008FDED6 /* Release */ = {
			isa = XCBuildConfiguration;
			buildSettings = {
				ASSETCATALOG_COMPILER_APPICON_NAME = AppIcon;
				INFOPLIST_FILE = "闭包/Info.plist";
				LD_RUNPATH_SEARCH_PATHS = "$(inherited) @executable_path/Frameworks";
				PRODUCT_BUNDLE_IDENTIFIER = "com.suifeng.--";
				PRODUCT_NAME = "$(TARGET_NAME)";
			};
			name = Release;
		};
/* End XCBuildConfiguration section */

/* Begin XCConfigurationList section */
		C282621E1CDF7D26008FDED6 /* Build configuration list for PBXProject "闭包" */ = {
			isa = XCConfigurationList;
			buildConfigurations = (
				C28262331CDF7D26008FDED6 /* Debug */,
				C28262341CDF7D26008FDED6 /* Release */,
			);
			defaultConfigurationIsVisible = 0;
			defaultConfigurationName = Release;
		};
		C28262351CDF7D26008FDED6 /* Build configuration list for PBXNativeTarget "闭包" */ = {
			isa = XCConfigurationList;
			buildConfigurations = (
				C28262361CDF7D26008FDED6 /* Debug */,
				C28262371CDF7D26008FDED6 /* Release */,
			);
			defaultConfigurationIsVisible = 0;
		};
/* End XCConfigurationList section */
	};
	rootObject = C282621B1CDF7D26008FDED6 /* Project object */;
}
